// !$*UTF8*$!
{
	archiveVersion = 1;
	classes = {
	};
	objectVersion = 46;
	objects = {

/* Begin PBXBuildFile section */
		3754BE621FD5E7480067DAC5 /* orbitron-bold.otf in Resources */ = {isa = PBXBuildFile; fileRef = 3754BE5F1FD5E7470067DAC5 /* orbitron-bold.otf */; };
		3754BE631FD5E7480067DAC5 /* orbitron-medium.otf in Resources */ = {isa = PBXBuildFile; fileRef = 3754BE601FD5E7470067DAC5 /* orbitron-medium.otf */; };
		3754BE641FD5E7480067DAC5 /* orbitron-black.otf in Resources */ = {isa = PBXBuildFile; fileRef = 3754BE611FD5E7470067DAC5 /* orbitron-black.otf */; };
		379A5B7A1F137049005BDBBF /* TopCollectionViewController.swift in Sources */ = {isa = PBXBuildFile; fileRef = 379A5B791F137049005BDBBF /* TopCollectionViewController.swift */; };
		379A5B7C1F137073005BDBBF /* KillCollectionViewController.swift in Sources */ = {isa = PBXBuildFile; fileRef = 379A5B7B1F137073005BDBBF /* KillCollectionViewController.swift */; };
		379A5B7E1F137117005BDBBF /* TopCollectionViewCell.swift in Sources */ = {isa = PBXBuildFile; fileRef = 379A5B7D1F137117005BDBBF /* TopCollectionViewCell.swift */; };
		379A5B801F13712F005BDBBF /* KillCollectionViewCell.swift in Sources */ = {isa = PBXBuildFile; fileRef = 379A5B7F1F13712F005BDBBF /* KillCollectionViewCell.swift */; };
		379A5B821F13745B005BDBBF /* CardTypeMAandTopViewController.swift in Sources */ = {isa = PBXBuildFile; fileRef = 379A5B811F13745B005BDBBF /* CardTypeMAandTopViewController.swift */; };
		379A5B841F137486005BDBBF /* CardTypeKillMoveExtraEtcViewController.swift in Sources */ = {isa = PBXBuildFile; fileRef = 379A5B831F137486005BDBBF /* CardTypeKillMoveExtraEtcViewController.swift */; };
		379A5B861F138364005BDBBF /* Factions.swift in Sources */ = {isa = PBXBuildFile; fileRef = 379A5B851F138364005BDBBF /* Factions.swift */; };
		379A5B8A1F15F44E005BDBBF /* SearchOptions.swift in Sources */ = {isa = PBXBuildFile; fileRef = 379A5B891F15F44E005BDBBF /* SearchOptions.swift */; };
		379A5B8E1F15F9F4005BDBBF /* SearchAllCollectionViewCell.swift in Sources */ = {isa = PBXBuildFile; fileRef = 379A5B8D1F15F9F4005BDBBF /* SearchAllCollectionViewCell.swift */; };
		379A5B921F16181B005BDBBF /* Card.swift in Sources */ = {isa = PBXBuildFile; fileRef = 379A5B911F16181B005BDBBF /* Card.swift */; };
		37D230DB1F883888008FD168 /* Diplomata-Regular.ttf in Resources */ = {isa = PBXBuildFile; fileRef = 37D230DA1F883888008FD168 /* Diplomata-Regular.ttf */; };
		37D230DD1F8838B6008FD168 /* Heroic.ttf in Resources */ = {isa = PBXBuildFile; fileRef = 37D230DC1F8838B6008FD168 /* Heroic.ttf */; };
		37D230E41F8CF6B1008FD168 /* Faction.swift in Sources */ = {isa = PBXBuildFile; fileRef = 37D230DE1F8CF6B1008FD168 /* Faction.swift */; };
		37D230E51F8CF6B1008FD168 /* ListOfAllCardsAndFactions.swift in Sources */ = {isa = PBXBuildFile; fileRef = 37D230DF1F8CF6B1008FD168 /* ListOfAllCardsAndFactions.swift */; };
		37D230E61F8CF6B1008FD168 /* Minion.swift in Sources */ = {isa = PBXBuildFile; fileRef = 37D230E01F8CF6B1008FD168 /* Minion.swift */; };
		37D230E71F8CF6B1008FD168 /* MinionAbility.swift in Sources */ = {isa = PBXBuildFile; fileRef = 37D230E11F8CF6B1008FD168 /* MinionAbility.swift */; };
		37D230E81F8CF6B1008FD168 /* ActionCard.swift in Sources */ = {isa = PBXBuildFile; fileRef = 37D230E21F8CF6B1008FD168 /* ActionCard.swift */; };
		37D230E91F8CF6B1008FD168 /* ActionCardAbility.swift in Sources */ = {isa = PBXBuildFile; fileRef = 37D230E31F8CF6B1008FD168 /* ActionCardAbility.swift */; };
		37D231211F8CF75E008FD168 /* IttyCritters.swift in Sources */ = {isa = PBXBuildFile; fileRef = 37D230EA1F8CF75E008FD168 /* IttyCritters.swift */; };
		37D231221F8CF75E008FD168 /* Kaiju.swift in Sources */ = {isa = PBXBuildFile; fileRef = 37D230EB1F8CF75E008FD168 /* Kaiju.swift */; };
		37D231231F8CF75E008FD168 /* MagicalGirls.swift in Sources */ = {isa = PBXBuildFile; fileRef = 37D230EC1F8CF75E008FD168 /* MagicalGirls.swift */; };
		37D231241F8CF75E008FD168 /* MegaTroopers.swift in Sources */ = {isa = PBXBuildFile; fileRef = 37D230ED1F8CF75E008FD168 /* MegaTroopers.swift */; };
		37D231251F8CF75E008FD168 /* AllStars.swift in Sources */ = {isa = PBXBuildFile; fileRef = 37D230EE1F8CF75E008FD168 /* AllStars.swift */; };
		37D231261F8CF75E008FD168 /* Explorers.swift in Sources */ = {isa = PBXBuildFile; fileRef = 37D230EF1F8CF75E008FD168 /* Explorers.swift */; };
		37D231271F8CF75E008FD168 /* Grannies.swift in Sources */ = {isa = PBXBuildFile; fileRef = 37D230F01F8CF75E008FD168 /* Grannies.swift */; };
		37D231281F8CF75E008FD168 /* RockStars.swift in Sources */ = {isa = PBXBuildFile; fileRef = 37D230F11F8CF75E008FD168 /* RockStars.swift */; };
		37D231291F8CF75E008FD168 /* Sharks.swift in Sources */ = {isa = PBXBuildFile; fileRef = 37D230F21F8CF75E008FD168 /* Sharks.swift */; };
		37D2312A1F8CF75E008FD168 /* StarRoamers.swift in Sources */ = {isa = PBXBuildFile; fileRef = 37D230F31F8CF75E008FD168 /* StarRoamers.swift */; };
		37D2312B1F8CF75E008FD168 /* SuperHeroes.swift in Sources */ = {isa = PBXBuildFile; fileRef = 37D230F41F8CF75E008FD168 /* SuperHeroes.swift */; };
		37D2312C1F8CF75E008FD168 /* TeddyBears.swift in Sources */ = {isa = PBXBuildFile; fileRef = 37D230F51F8CF75E008FD168 /* TeddyBears.swift */; };
		37D2312D1F8CF75E008FD168 /* Tornados.swift in Sources */ = {isa = PBXBuildFile; fileRef = 37D230F61F8CF75E008FD168 /* Tornados.swift */; };
		37D2312E1F8CF75E008FD168 /* Warriors.swift in Sources */ = {isa = PBXBuildFile; fileRef = 37D230F71F8CF75E008FD168 /* Warriors.swift */; };
		37D2312F1F8CF75E008FD168 /* Aliens.swift in Sources */ = {isa = PBXBuildFile; fileRef = 37D230F81F8CF75E008FD168 /* Aliens.swift */; };
		37D231301F8CF75E008FD168 /* AstroKnights.swift in Sources */ = {isa = PBXBuildFile; fileRef = 37D230F91F8CF75E008FD168 /* AstroKnights.swift */; };
		37D231311F8CF75E008FD168 /* ChangerBots.swift in Sources */ = {isa = PBXBuildFile; fileRef = 37D230FA1F8CF75E008FD168 /* ChangerBots.swift */; };
		37D231321F8CF75E008FD168 /* Dragons.swift in Sources */ = {isa = PBXBuildFile; fileRef = 37D230FB1F8CF75E008FD168 /* Dragons.swift */; };
		37D231331F8CF75E008FD168 /* IgNobles.swift in Sources */ = {isa = PBXBuildFile; fileRef = 37D230FC1F8CF75E008FD168 /* IgNobles.swift */; };
		37D231341F8CF75E008FD168 /* MythicGreeks.swift in Sources */ = {isa = PBXBuildFile; fileRef = 37D230FD1F8CF75E008FD168 /* MythicGreeks.swift */; };
		37D231351F8CF75E008FD168 /* BearCavalry.swift in Sources */ = {isa = PBXBuildFile; fileRef = 37D230FE1F8CF75E008FD168 /* BearCavalry.swift */; };
		37D231361F8CF75E008FD168 /* Clerics.swift in Sources */ = {isa = PBXBuildFile; fileRef = 37D230FF1F8CF75E008FD168 /* Clerics.swift */; };
		37D231371F8CF75E008FD168 /* CyborgApes.swift in Sources */ = {isa = PBXBuildFile; fileRef = 37D231001F8CF75E008FD168 /* CyborgApes.swift */; };
		37D231381F8CF75E008FD168 /* Dinosaurs.swift in Sources */ = {isa = PBXBuildFile; fileRef = 37D231011F8CF75E008FD168 /* Dinosaurs.swift */; };
		37D231391F8CF75E008FD168 /* Dwarves.swift in Sources */ = {isa = PBXBuildFile; fileRef = 37D231021F8CF75E008FD168 /* Dwarves.swift */; };
		37D2313A1F8CF75E008FD168 /* ElderThings.swift in Sources */ = {isa = PBXBuildFile; fileRef = 37D231031F8CF75E008FD168 /* ElderThings.swift */; };
		37D2313B1F8CF75E008FD168 /* Elves.swift in Sources */ = {isa = PBXBuildFile; fileRef = 37D231041F8CF75E008FD168 /* Elves.swift */; };
		37D2313C1F8CF75E008FD168 /* Fairies.swift in Sources */ = {isa = PBXBuildFile; fileRef = 37D231051F8CF75E008FD168 /* Fairies.swift */; };
		37D2313D1F8CF75E008FD168 /* Geeks.swift in Sources */ = {isa = PBXBuildFile; fileRef = 37D231061F8CF75E008FD168 /* Geeks.swift */; };
		37D2313E1F8CF75E008FD168 /* Ghosts.swift in Sources */ = {isa = PBXBuildFile; fileRef = 37D231071F8CF75E008FD168 /* Ghosts.swift */; };
		37D2313F1F8CF75E008FD168 /* GiantAnts.swift in Sources */ = {isa = PBXBuildFile; fileRef = 37D231081F8CF75E008FD168 /* GiantAnts.swift */; };
		37D231401F8CF75E008FD168 /* Halflings.swift in Sources */ = {isa = PBXBuildFile; fileRef = 37D231091F8CF75E008FD168 /* Halflings.swift */; };
		37D231411F8CF75E008FD168 /* Innsmouth.swift in Sources */ = {isa = PBXBuildFile; fileRef = 37D2310A1F8CF75E008FD168 /* Innsmouth.swift */; };
		37D231421F8CF75E008FD168 /* KillerPlants.swift in Sources */ = {isa = PBXBuildFile; fileRef = 37D2310B1F8CF75E008FD168 /* KillerPlants.swift */; };
		37D231431F8CF75E008FD168 /* KittyCats.swift in Sources */ = {isa = PBXBuildFile; fileRef = 37D2310C1F8CF75E008FD168 /* KittyCats.swift */; };
		37D231441F8CF75E008FD168 /* MadScientists.swift in Sources */ = {isa = PBXBuildFile; fileRef = 37D2310D1F8CF75E008FD168 /* MadScientists.swift */; };
		37D231451F8CF75E008FD168 /* Mages.swift in Sources */ = {isa = PBXBuildFile; fileRef = 37D2310E1F8CF75E008FD168 /* Mages.swift */; };
		37D231461F8CF75E008FD168 /* MinionsOfCthulhu.swift in Sources */ = {isa = PBXBuildFile; fileRef = 37D2310F1F8CF75E008FD168 /* MinionsOfCthulhu.swift */; };
		37D231471F8CF75E008FD168 /* MiskatonicUniversity.swift in Sources */ = {isa = PBXBuildFile; fileRef = 37D231101F8CF75E008FD168 /* MiskatonicUniversity.swift */; };
		37D231481F8CF75E008FD168 /* MythicHorses.swift in Sources */ = {isa = PBXBuildFile; fileRef = 37D231111F8CF75E008FD168 /* MythicHorses.swift */; };
		37D231491F8CF75E008FD168 /* Ninjas.swift in Sources */ = {isa = PBXBuildFile; fileRef = 37D231121F8CF75E008FD168 /* Ninjas.swift */; };
		37D2314A1F8CF75E008FD168 /* Orcs.swift in Sources */ = {isa = PBXBuildFile; fileRef = 37D231131F8CF75E008FD168 /* Orcs.swift */; };
		37D2314B1F8CF75E008FD168 /* Pirates.swift in Sources */ = {isa = PBXBuildFile; fileRef = 37D231141F8CF75E008FD168 /* Pirates.swift */; };
		37D2314C1F8CF75E008FD168 /* Princesses.swift in Sources */ = {isa = PBXBuildFile; fileRef = 37D231151F8CF75E008FD168 /* Princesses.swift */; };
		37D2314D1F8CF75E008FD168 /* Robots.swift in Sources */ = {isa = PBXBuildFile; fileRef = 37D231161F8CF75E008FD168 /* Robots.swift */; };
		37D2314E1F8CF75E008FD168 /* ShapeShifters.swift in Sources */ = {isa = PBXBuildFile; fileRef = 37D231171F8CF75E008FD168 /* ShapeShifters.swift */; };
		37D2314F1F8CF75E008FD168 /* SteamPunks.swift in Sources */ = {isa = PBXBuildFile; fileRef = 37D231181F8CF75E008FD168 /* SteamPunks.swift */; };
		37D231501F8CF75E008FD168 /* SuperSpies.swift in Sources */ = {isa = PBXBuildFile; fileRef = 37D231191F8CF75E008FD168 /* SuperSpies.swift */; };
		37D231511F8CF75E008FD168 /* Thieves.swift in Sources */ = {isa = PBXBuildFile; fileRef = 37D2311A1F8CF75E008FD168 /* Thieves.swift */; };
		37D231521F8CF75E008FD168 /* TimeTravelers.swift in Sources */ = {isa = PBXBuildFile; fileRef = 37D2311B1F8CF75E008FD168 /* TimeTravelers.swift */; };
		37D231531F8CF75E008FD168 /* Tricksters.swift in Sources */ = {isa = PBXBuildFile; fileRef = 37D2311C1F8CF75E008FD168 /* Tricksters.swift */; };
		37D231541F8CF75E008FD168 /* Vampires.swift in Sources */ = {isa = PBXBuildFile; fileRef = 37D2311D1F8CF75E008FD168 /* Vampires.swift */; };
		37D231551F8CF75E008FD168 /* Werewolves.swift in Sources */ = {isa = PBXBuildFile; fileRef = 37D2311E1F8CF75E008FD168 /* Werewolves.swift */; };
		37D231561F8CF75E008FD168 /* Wizards.swift in Sources */ = {isa = PBXBuildFile; fileRef = 37D2311F1F8CF75E008FD168 /* Wizards.swift */; };
		37D231571F8CF75E008FD168 /* Zombies.swift in Sources */ = {isa = PBXBuildFile; fileRef = 37D231201F8CF75E008FD168 /* Zombies.swift */; };
		37F1EDA51F05E5090049AB8E /* AppDelegate.swift in Sources */ = {isa = PBXBuildFile; fileRef = 37F1EDA41F05E5090049AB8E /* AppDelegate.swift */; };
		37F1EDA71F05E5090049AB8E /* ViewController.swift in Sources */ = {isa = PBXBuildFile; fileRef = 37F1EDA61F05E5090049AB8E /* ViewController.swift */; };
		37F1EDAA1F05E5090049AB8E /* Main.storyboard in Resources */ = {isa = PBXBuildFile; fileRef = 37F1EDA81F05E5090049AB8E /* Main.storyboard */; };
		37F1EDAD1F05E5090049AB8E /* SmashUpCardAnalyzer.xcdatamodeld in Sources */ = {isa = PBXBuildFile; fileRef = 37F1EDAB1F05E5090049AB8E /* SmashUpCardAnalyzer.xcdatamodeld */; };
		37F1EDAF1F05E5090049AB8E /* Assets.xcassets in Resources */ = {isa = PBXBuildFile; fileRef = 37F1EDAE1F05E5090049AB8E /* Assets.xcassets */; };
		37F1EDB21F05E5090049AB8E /* LaunchScreen.storyboard in Resources */ = {isa = PBXBuildFile; fileRef = 37F1EDB01F05E5090049AB8E /* LaunchScreen.storyboard */; };
		37F1EDBD1F05E5090049AB8E /* SmashUpCardAnalyzerTests.swift in Sources */ = {isa = PBXBuildFile; fileRef = 37F1EDBC1F05E5090049AB8E /* SmashUpCardAnalyzerTests.swift */; };
		37F1EDC81F05E50A0049AB8E /* SmashUpCardAnalyzerUITests.swift in Sources */ = {isa = PBXBuildFile; fileRef = 37F1EDC71F05E50A0049AB8E /* SmashUpCardAnalyzerUITests.swift */; };
/* End PBXBuildFile section */

/* Begin PBXContainerItemProxy section */
		37F1EDB91F05E5090049AB8E /* PBXContainerItemProxy */ = {
			isa = PBXContainerItemProxy;
			containerPortal = 37F1ED991F05E5090049AB8E /* Project object */;
			proxyType = 1;
			remoteGlobalIDString = 37F1EDA01F05E5090049AB8E;
			remoteInfo = SmashUpCardAnalyzer;
		};
		37F1EDC41F05E5090049AB8E /* PBXContainerItemProxy */ = {
			isa = PBXContainerItemProxy;
			containerPortal = 37F1ED991F05E5090049AB8E /* Project object */;
			proxyType = 1;
			remoteGlobalIDString = 37F1EDA01F05E5090049AB8E;
			remoteInfo = SmashUpCardAnalyzer;
		};
/* End PBXContainerItemProxy section */

/* Begin PBXFileReference section */
		3754BE5F1FD5E7470067DAC5 /* orbitron-bold.otf */ = {isa = PBXFileReference; lastKnownFileType = file; name = "orbitron-bold.otf"; path = "../../../FuturePicks/FuturePicks/Resources/Fonts/orbitron-bold.otf"; sourceTree = "<group>"; };
		3754BE601FD5E7470067DAC5 /* orbitron-medium.otf */ = {isa = PBXFileReference; lastKnownFileType = file; name = "orbitron-medium.otf"; path = "../../../FuturePicks/FuturePicks/Resources/Fonts/orbitron-medium.otf"; sourceTree = "<group>"; };
		3754BE611FD5E7470067DAC5 /* orbitron-black.otf */ = {isa = PBXFileReference; lastKnownFileType = file; name = "orbitron-black.otf"; path = "../../../FuturePicks/FuturePicks/Resources/Fonts/orbitron-black.otf"; sourceTree = "<group>"; };
		379A5B791F137049005BDBBF /* TopCollectionViewController.swift */ = {isa = PBXFileReference; fileEncoding = 4; lastKnownFileType = sourcecode.swift; path = TopCollectionViewController.swift; sourceTree = "<group>"; };
		379A5B7B1F137073005BDBBF /* KillCollectionViewController.swift */ = {isa = PBXFileReference; fileEncoding = 4; lastKnownFileType = sourcecode.swift; path = KillCollectionViewController.swift; sourceTree = "<group>"; };
		379A5B7D1F137117005BDBBF /* TopCollectionViewCell.swift */ = {isa = PBXFileReference; fileEncoding = 4; lastKnownFileType = sourcecode.swift; path = TopCollectionViewCell.swift; sourceTree = "<group>"; };
		379A5B7F1F13712F005BDBBF /* KillCollectionViewCell.swift */ = {isa = PBXFileReference; fileEncoding = 4; lastKnownFileType = sourcecode.swift; path = KillCollectionViewCell.swift; sourceTree = "<group>"; };
		379A5B811F13745B005BDBBF /* CardTypeMAandTopViewController.swift */ = {isa = PBXFileReference; fileEncoding = 4; lastKnownFileType = sourcecode.swift; path = CardTypeMAandTopViewController.swift; sourceTree = "<group>"; };
		379A5B831F137486005BDBBF /* CardTypeKillMoveExtraEtcViewController.swift */ = {isa = PBXFileReference; fileEncoding = 4; lastKnownFileType = sourcecode.swift; path = CardTypeKillMoveExtraEtcViewController.swift; sourceTree = "<group>"; };
		379A5B851F138364005BDBBF /* Factions.swift */ = {isa = PBXFileReference; fileEncoding = 4; lastKnownFileType = sourcecode.swift; path = Factions.swift; sourceTree = "<group>"; };
		379A5B891F15F44E005BDBBF /* SearchOptions.swift */ = {isa = PBXFileReference; fileEncoding = 4; lastKnownFileType = sourcecode.swift; path = SearchOptions.swift; sourceTree = "<group>"; };
		379A5B8D1F15F9F4005BDBBF /* SearchAllCollectionViewCell.swift */ = {isa = PBXFileReference; fileEncoding = 4; lastKnownFileType = sourcecode.swift; path = SearchAllCollectionViewCell.swift; sourceTree = "<group>"; };
		379A5B911F16181B005BDBBF /* Card.swift */ = {isa = PBXFileReference; fileEncoding = 4; lastKnownFileType = sourcecode.swift; path = Card.swift; sourceTree = "<group>"; };
		37D230DA1F883888008FD168 /* Diplomata-Regular.ttf */ = {isa = PBXFileReference; lastKnownFileType = file; name = "Diplomata-Regular.ttf"; path = "../../../../../DesignsOrArt/DesigningApps/FONTS/Diplomata/Diplomata-Regular.ttf"; sourceTree = "<group>"; };
		37D230DC1F8838B6008FD168 /* Heroic.ttf */ = {isa = PBXFileReference; lastKnownFileType = file; name = Heroic.ttf; path = ../../../../../DesignsOrArt/DesigningApps/FONTS/Heroic.ttf; sourceTree = "<group>"; };
		37D230DE1F8CF6B1008FD168 /* Faction.swift */ = {isa = PBXFileReference; fileEncoding = 4; lastKnownFileType = sourcecode.swift; name = Faction.swift; path = ../../../SmashUp/SmashUp/Faction.swift; sourceTree = "<group>"; };
		37D230DF1F8CF6B1008FD168 /* ListOfAllCardsAndFactions.swift */ = {isa = PBXFileReference; fileEncoding = 4; lastKnownFileType = sourcecode.swift; name = ListOfAllCardsAndFactions.swift; path = ../../../SmashUp/SmashUp/ListOfAllCardsAndFactions.swift; sourceTree = "<group>"; };
		37D230E01F8CF6B1008FD168 /* Minion.swift */ = {isa = PBXFileReference; fileEncoding = 4; lastKnownFileType = sourcecode.swift; name = Minion.swift; path = ../../../SmashUp/SmashUp/Minion.swift; sourceTree = "<group>"; };
		37D230E11F8CF6B1008FD168 /* MinionAbility.swift */ = {isa = PBXFileReference; fileEncoding = 4; lastKnownFileType = sourcecode.swift; name = MinionAbility.swift; path = ../../../SmashUp/SmashUp/MinionAbility.swift; sourceTree = "<group>"; };
		37D230E21F8CF6B1008FD168 /* ActionCard.swift */ = {isa = PBXFileReference; fileEncoding = 4; lastKnownFileType = sourcecode.swift; name = ActionCard.swift; path = ../../../SmashUp/SmashUp/ActionCard.swift; sourceTree = "<group>"; };
		37D230E31F8CF6B1008FD168 /* ActionCardAbility.swift */ = {isa = PBXFileReference; fileEncoding = 4; lastKnownFileType = sourcecode.swift; name = ActionCardAbility.swift; path = ../../../SmashUp/SmashUp/ActionCardAbility.swift; sourceTree = "<group>"; };
		37D230EA1F8CF75E008FD168 /* IttyCritters.swift */ = {isa = PBXFileReference; fileEncoding = 4; lastKnownFileType = sourcecode.swift; name = IttyCritters.swift; path = ../../../SmashUp/SmashUp/IttyCritters.swift; sourceTree = "<group>"; };
		37D230EB1F8CF75E008FD168 /* Kaiju.swift */ = {isa = PBXFileReference; fileEncoding = 4; lastKnownFileType = sourcecode.swift; name = Kaiju.swift; path = ../../../SmashUp/SmashUp/Kaiju.swift; sourceTree = "<group>"; };
		37D230EC1F8CF75E008FD168 /* MagicalGirls.swift */ = {isa = PBXFileReference; fileEncoding = 4; lastKnownFileType = sourcecode.swift; name = MagicalGirls.swift; path = ../../../SmashUp/SmashUp/MagicalGirls.swift; sourceTree = "<group>"; };
		37D230ED1F8CF75E008FD168 /* MegaTroopers.swift */ = {isa = PBXFileReference; fileEncoding = 4; lastKnownFileType = sourcecode.swift; name = MegaTroopers.swift; path = ../../../SmashUp/SmashUp/MegaTroopers.swift; sourceTree = "<group>"; };
		37D230EE1F8CF75E008FD168 /* AllStars.swift */ = {isa = PBXFileReference; fileEncoding = 4; lastKnownFileType = sourcecode.swift; name = AllStars.swift; path = ../../../SmashUp/SmashUp/AllStars.swift; sourceTree = "<group>"; };
		37D230EF1F8CF75E008FD168 /* Explorers.swift */ = {isa = PBXFileReference; fileEncoding = 4; lastKnownFileType = sourcecode.swift; name = Explorers.swift; path = ../../../SmashUp/SmashUp/Explorers.swift; sourceTree = "<group>"; };
		37D230F01F8CF75E008FD168 /* Grannies.swift */ = {isa = PBXFileReference; fileEncoding = 4; lastKnownFileType = sourcecode.swift; name = Grannies.swift; path = ../../../SmashUp/SmashUp/Grannies.swift; sourceTree = "<group>"; };
		37D230F11F8CF75E008FD168 /* RockStars.swift */ = {isa = PBXFileReference; fileEncoding = 4; lastKnownFileType = sourcecode.swift; name = RockStars.swift; path = ../../../SmashUp/SmashUp/RockStars.swift; sourceTree = "<group>"; };
		37D230F21F8CF75E008FD168 /* Sharks.swift */ = {isa = PBXFileReference; fileEncoding = 4; lastKnownFileType = sourcecode.swift; name = Sharks.swift; path = ../../../SmashUp/SmashUp/Sharks.swift; sourceTree = "<group>"; };
		37D230F31F8CF75E008FD168 /* StarRoamers.swift */ = {isa = PBXFileReference; fileEncoding = 4; lastKnownFileType = sourcecode.swift; name = StarRoamers.swift; path = ../../../SmashUp/SmashUp/StarRoamers.swift; sourceTree = "<group>"; };
		37D230F41F8CF75E008FD168 /* SuperHeroes.swift */ = {isa = PBXFileReference; fileEncoding = 4; lastKnownFileType = sourcecode.swift; name = SuperHeroes.swift; path = ../../../SmashUp/SmashUp/SuperHeroes.swift; sourceTree = "<group>"; };
		37D230F51F8CF75E008FD168 /* TeddyBears.swift */ = {isa = PBXFileReference; fileEncoding = 4; lastKnownFileType = sourcecode.swift; name = TeddyBears.swift; path = ../../../SmashUp/SmashUp/TeddyBears.swift; sourceTree = "<group>"; };
		37D230F61F8CF75E008FD168 /* Tornados.swift */ = {isa = PBXFileReference; fileEncoding = 4; lastKnownFileType = sourcecode.swift; name = Tornados.swift; path = ../../../SmashUp/SmashUp/Tornados.swift; sourceTree = "<group>"; };
		37D230F71F8CF75E008FD168 /* Warriors.swift */ = {isa = PBXFileReference; fileEncoding = 4; lastKnownFileType = sourcecode.swift; name = Warriors.swift; path = ../../../SmashUp/SmashUp/Warriors.swift; sourceTree = "<group>"; };
		37D230F81F8CF75E008FD168 /* Aliens.swift */ = {isa = PBXFileReference; fileEncoding = 4; lastKnownFileType = sourcecode.swift; name = Aliens.swift; path = ../../../SmashUp/SmashUp/Aliens.swift; sourceTree = "<group>"; };
		37D230F91F8CF75E008FD168 /* AstroKnights.swift */ = {isa = PBXFileReference; fileEncoding = 4; lastKnownFileType = sourcecode.swift; name = AstroKnights.swift; path = ../../../SmashUp/SmashUp/AstroKnights.swift; sourceTree = "<group>"; };
		37D230FA1F8CF75E008FD168 /* ChangerBots.swift */ = {isa = PBXFileReference; fileEncoding = 4; lastKnownFileType = sourcecode.swift; name = ChangerBots.swift; path = ../../../SmashUp/SmashUp/ChangerBots.swift; sourceTree = "<group>"; };
		37D230FB1F8CF75E008FD168 /* Dragons.swift */ = {isa = PBXFileReference; fileEncoding = 4; lastKnownFileType = sourcecode.swift; name = Dragons.swift; path = ../../../SmashUp/SmashUp/Dragons.swift; sourceTree = "<group>"; };
		37D230FC1F8CF75E008FD168 /* IgNobles.swift */ = {isa = PBXFileReference; fileEncoding = 4; lastKnownFileType = sourcecode.swift; name = IgNobles.swift; path = ../../../SmashUp/SmashUp/IgNobles.swift; sourceTree = "<group>"; };
		37D230FD1F8CF75E008FD168 /* MythicGreeks.swift */ = {isa = PBXFileReference; fileEncoding = 4; lastKnownFileType = sourcecode.swift; name = MythicGreeks.swift; path = ../../../SmashUp/SmashUp/MythicGreeks.swift; sourceTree = "<group>"; };
		37D230FE1F8CF75E008FD168 /* BearCavalry.swift */ = {isa = PBXFileReference; fileEncoding = 4; lastKnownFileType = sourcecode.swift; name = BearCavalry.swift; path = ../../../SmashUp/SmashUp/BearCavalry.swift; sourceTree = "<group>"; };
		37D230FF1F8CF75E008FD168 /* Clerics.swift */ = {isa = PBXFileReference; fileEncoding = 4; lastKnownFileType = sourcecode.swift; name = Clerics.swift; path = ../../../SmashUp/SmashUp/Clerics.swift; sourceTree = "<group>"; };
		37D231001F8CF75E008FD168 /* CyborgApes.swift */ = {isa = PBXFileReference; fileEncoding = 4; lastKnownFileType = sourcecode.swift; name = CyborgApes.swift; path = ../../../SmashUp/SmashUp/CyborgApes.swift; sourceTree = "<group>"; };
		37D231011F8CF75E008FD168 /* Dinosaurs.swift */ = {isa = PBXFileReference; fileEncoding = 4; lastKnownFileType = sourcecode.swift; name = Dinosaurs.swift; path = ../../../SmashUp/SmashUp/Dinosaurs.swift; sourceTree = "<group>"; };
		37D231021F8CF75E008FD168 /* Dwarves.swift */ = {isa = PBXFileReference; fileEncoding = 4; lastKnownFileType = sourcecode.swift; name = Dwarves.swift; path = ../../../SmashUp/SmashUp/Dwarves.swift; sourceTree = "<group>"; };
		37D231031F8CF75E008FD168 /* ElderThings.swift */ = {isa = PBXFileReference; fileEncoding = 4; lastKnownFileType = sourcecode.swift; name = ElderThings.swift; path = ../../../SmashUp/SmashUp/ElderThings.swift; sourceTree = "<group>"; };
		37D231041F8CF75E008FD168 /* Elves.swift */ = {isa = PBXFileReference; fileEncoding = 4; lastKnownFileType = sourcecode.swift; name = Elves.swift; path = ../../../SmashUp/SmashUp/Elves.swift; sourceTree = "<group>"; };
		37D231051F8CF75E008FD168 /* Fairies.swift */ = {isa = PBXFileReference; fileEncoding = 4; lastKnownFileType = sourcecode.swift; name = Fairies.swift; path = ../../../SmashUp/SmashUp/Fairies.swift; sourceTree = "<group>"; };
		37D231061F8CF75E008FD168 /* Geeks.swift */ = {isa = PBXFileReference; fileEncoding = 4; lastKnownFileType = sourcecode.swift; name = Geeks.swift; path = ../../../SmashUp/SmashUp/Geeks.swift; sourceTree = "<group>"; };
		37D231071F8CF75E008FD168 /* Ghosts.swift */ = {isa = PBXFileReference; fileEncoding = 4; lastKnownFileType = sourcecode.swift; name = Ghosts.swift; path = ../../../SmashUp/SmashUp/Ghosts.swift; sourceTree = "<group>"; };
		37D231081F8CF75E008FD168 /* GiantAnts.swift */ = {isa = PBXFileReference; fileEncoding = 4; lastKnownFileType = sourcecode.swift; name = GiantAnts.swift; path = ../../../SmashUp/SmashUp/GiantAnts.swift; sourceTree = "<group>"; };
		37D231091F8CF75E008FD168 /* Halflings.swift */ = {isa = PBXFileReference; fileEncoding = 4; lastKnownFileType = sourcecode.swift; name = Halflings.swift; path = ../../../SmashUp/SmashUp/Halflings.swift; sourceTree = "<group>"; };
		37D2310A1F8CF75E008FD168 /* Innsmouth.swift */ = {isa = PBXFileReference; fileEncoding = 4; lastKnownFileType = sourcecode.swift; name = Innsmouth.swift; path = ../../../SmashUp/SmashUp/Innsmouth.swift; sourceTree = "<group>"; };
		37D2310B1F8CF75E008FD168 /* KillerPlants.swift */ = {isa = PBXFileReference; fileEncoding = 4; lastKnownFileType = sourcecode.swift; name = KillerPlants.swift; path = ../../../SmashUp/SmashUp/KillerPlants.swift; sourceTree = "<group>"; };
		37D2310C1F8CF75E008FD168 /* KittyCats.swift */ = {isa = PBXFileReference; fileEncoding = 4; lastKnownFileType = sourcecode.swift; name = KittyCats.swift; path = ../../../SmashUp/SmashUp/KittyCats.swift; sourceTree = "<group>"; };
		37D2310D1F8CF75E008FD168 /* MadScientists.swift */ = {isa = PBXFileReference; fileEncoding = 4; lastKnownFileType = sourcecode.swift; name = MadScientists.swift; path = ../../../SmashUp/SmashUp/MadScientists.swift; sourceTree = "<group>"; };
		37D2310E1F8CF75E008FD168 /* Mages.swift */ = {isa = PBXFileReference; fileEncoding = 4; lastKnownFileType = sourcecode.swift; name = Mages.swift; path = ../../../SmashUp/SmashUp/Mages.swift; sourceTree = "<group>"; };
		37D2310F1F8CF75E008FD168 /* MinionsOfCthulhu.swift */ = {isa = PBXFileReference; fileEncoding = 4; lastKnownFileType = sourcecode.swift; name = MinionsOfCthulhu.swift; path = ../../../SmashUp/SmashUp/MinionsOfCthulhu.swift; sourceTree = "<group>"; };
		37D231101F8CF75E008FD168 /* MiskatonicUniversity.swift */ = {isa = PBXFileReference; fileEncoding = 4; lastKnownFileType = sourcecode.swift; name = MiskatonicUniversity.swift; path = ../../../SmashUp/SmashUp/MiskatonicUniversity.swift; sourceTree = "<group>"; };
		37D231111F8CF75E008FD168 /* MythicHorses.swift */ = {isa = PBXFileReference; fileEncoding = 4; lastKnownFileType = sourcecode.swift; name = MythicHorses.swift; path = ../../../SmashUp/SmashUp/MythicHorses.swift; sourceTree = "<group>"; };
		37D231121F8CF75E008FD168 /* Ninjas.swift */ = {isa = PBXFileReference; fileEncoding = 4; lastKnownFileType = sourcecode.swift; name = Ninjas.swift; path = ../../../SmashUp/SmashUp/Ninjas.swift; sourceTree = "<group>"; };
		37D231131F8CF75E008FD168 /* Orcs.swift */ = {isa = PBXFileReference; fileEncoding = 4; lastKnownFileType = sourcecode.swift; name = Orcs.swift; path = ../../../SmashUp/SmashUp/Orcs.swift; sourceTree = "<group>"; };
		37D231141F8CF75E008FD168 /* Pirates.swift */ = {isa = PBXFileReference; fileEncoding = 4; lastKnownFileType = sourcecode.swift; name = Pirates.swift; path = ../../../SmashUp/SmashUp/Pirates.swift; sourceTree = "<group>"; };
		37D231151F8CF75E008FD168 /* Princesses.swift */ = {isa = PBXFileReference; fileEncoding = 4; lastKnownFileType = sourcecode.swift; name = Princesses.swift; path = ../../../SmashUp/SmashUp/Princesses.swift; sourceTree = "<group>"; };
		37D231161F8CF75E008FD168 /* Robots.swift */ = {isa = PBXFileReference; fileEncoding = 4; lastKnownFileType = sourcecode.swift; name = Robots.swift; path = ../../../SmashUp/SmashUp/Robots.swift; sourceTree = "<group>"; };
		37D231171F8CF75E008FD168 /* ShapeShifters.swift */ = {isa = PBXFileReference; fileEncoding = 4; lastKnownFileType = sourcecode.swift; name = ShapeShifters.swift; path = ../../../SmashUp/SmashUp/ShapeShifters.swift; sourceTree = "<group>"; };
		37D231181F8CF75E008FD168 /* SteamPunks.swift */ = {isa = PBXFileReference; fileEncoding = 4; lastKnownFileType = sourcecode.swift; name = SteamPunks.swift; path = ../../../SmashUp/SmashUp/SteamPunks.swift; sourceTree = "<group>"; };
		37D231191F8CF75E008FD168 /* SuperSpies.swift */ = {isa = PBXFileReference; fileEncoding = 4; lastKnownFileType = sourcecode.swift; name = SuperSpies.swift; path = ../../../SmashUp/SmashUp/SuperSpies.swift; sourceTree = "<group>"; };
		37D2311A1F8CF75E008FD168 /* Thieves.swift */ = {isa = PBXFileReference; fileEncoding = 4; lastKnownFileType = sourcecode.swift; name = Thieves.swift; path = ../../../SmashUp/SmashUp/Thieves.swift; sourceTree = "<group>"; };
		37D2311B1F8CF75E008FD168 /* TimeTravelers.swift */ = {isa = PBXFileReference; fileEncoding = 4; lastKnownFileType = sourcecode.swift; name = TimeTravelers.swift; path = ../../../SmashUp/SmashUp/TimeTravelers.swift; sourceTree = "<group>"; };
		37D2311C1F8CF75E008FD168 /* Tricksters.swift */ = {isa = PBXFileReference; fileEncoding = 4; lastKnownFileType = sourcecode.swift; name = Tricksters.swift; path = ../../../SmashUp/SmashUp/Tricksters.swift; sourceTree = "<group>"; };
		37D2311D1F8CF75E008FD168 /* Vampires.swift */ = {isa = PBXFileReference; fileEncoding = 4; lastKnownFileType = sourcecode.swift; name = Vampires.swift; path = ../../../SmashUp/SmashUp/Vampires.swift; sourceTree = "<group>"; };
		37D2311E1F8CF75E008FD168 /* Werewolves.swift */ = {isa = PBXFileReference; fileEncoding = 4; lastKnownFileType = sourcecode.swift; name = Werewolves.swift; path = ../../../SmashUp/SmashUp/Werewolves.swift; sourceTree = "<group>"; };
		37D2311F1F8CF75E008FD168 /* Wizards.swift */ = {isa = PBXFileReference; fileEncoding = 4; lastKnownFileType = sourcecode.swift; name = Wizards.swift; path = ../../../SmashUp/SmashUp/Wizards.swift; sourceTree = "<group>"; };
		37D231201F8CF75E008FD168 /* Zombies.swift */ = {isa = PBXFileReference; fileEncoding = 4; lastKnownFileType = sourcecode.swift; name = Zombies.swift; path = ../../../SmashUp/SmashUp/Zombies.swift; sourceTree = "<group>"; };
		37F1EDA11F05E5090049AB8E /* SmashUpCardAnalyzer.app */ = {isa = PBXFileReference; explicitFileType = wrapper.application; includeInIndex = 0; path = SmashUpCardAnalyzer.app; sourceTree = BUILT_PRODUCTS_DIR; };
		37F1EDA41F05E5090049AB8E /* AppDelegate.swift */ = {isa = PBXFileReference; lastKnownFileType = sourcecode.swift; path = AppDelegate.swift; sourceTree = "<group>"; };
		37F1EDA61F05E5090049AB8E /* ViewController.swift */ = {isa = PBXFileReference; lastKnownFileType = sourcecode.swift; path = ViewController.swift; sourceTree = "<group>"; };
		37F1EDA91F05E5090049AB8E /* Base */ = {isa = PBXFileReference; lastKnownFileType = file.storyboard; name = Base; path = Base.lproj/Main.storyboard; sourceTree = "<group>"; };
		37F1EDAC1F05E5090049AB8E /* SmashUpCardAnalyzer.xcdatamodel */ = {isa = PBXFileReference; lastKnownFileType = wrapper.xcdatamodel; path = SmashUpCardAnalyzer.xcdatamodel; sourceTree = "<group>"; };
		37F1EDAE1F05E5090049AB8E /* Assets.xcassets */ = {isa = PBXFileReference; lastKnownFileType = folder.assetcatalog; path = Assets.xcassets; sourceTree = "<group>"; };
		37F1EDB11F05E5090049AB8E /* Base */ = {isa = PBXFileReference; lastKnownFileType = file.storyboard; name = Base; path = Base.lproj/LaunchScreen.storyboard; sourceTree = "<group>"; };
		37F1EDB31F05E5090049AB8E /* Info.plist */ = {isa = PBXFileReference; lastKnownFileType = text.plist.xml; path = Info.plist; sourceTree = "<group>"; };
		37F1EDB81F05E5090049AB8E /* SmashUpCardAnalyzerTests.xctest */ = {isa = PBXFileReference; explicitFileType = wrapper.cfbundle; includeInIndex = 0; path = SmashUpCardAnalyzerTests.xctest; sourceTree = BUILT_PRODUCTS_DIR; };
		37F1EDBC1F05E5090049AB8E /* SmashUpCardAnalyzerTests.swift */ = {isa = PBXFileReference; lastKnownFileType = sourcecode.swift; path = SmashUpCardAnalyzerTests.swift; sourceTree = "<group>"; };
		37F1EDBE1F05E5090049AB8E /* Info.plist */ = {isa = PBXFileReference; lastKnownFileType = text.plist.xml; path = Info.plist; sourceTree = "<group>"; };
		37F1EDC31F05E5090049AB8E /* SmashUpCardAnalyzerUITests.xctest */ = {isa = PBXFileReference; explicitFileType = wrapper.cfbundle; includeInIndex = 0; path = SmashUpCardAnalyzerUITests.xctest; sourceTree = BUILT_PRODUCTS_DIR; };
		37F1EDC71F05E50A0049AB8E /* SmashUpCardAnalyzerUITests.swift */ = {isa = PBXFileReference; lastKnownFileType = sourcecode.swift; path = SmashUpCardAnalyzerUITests.swift; sourceTree = "<group>"; };
		37F1EDC91F05E50A0049AB8E /* Info.plist */ = {isa = PBXFileReference; lastKnownFileType = text.plist.xml; path = Info.plist; sourceTree = "<group>"; };
/* End PBXFileReference section */

/* Begin PBXFrameworksBuildPhase section */
		37F1ED9E1F05E5090049AB8E /* Frameworks */ = {
			isa = PBXFrameworksBuildPhase;
			buildActionMask = 2147483647;
			files = (
			);
			runOnlyForDeploymentPostprocessing = 0;
		};
		37F1EDB51F05E5090049AB8E /* Frameworks */ = {
			isa = PBXFrameworksBuildPhase;
			buildActionMask = 2147483647;
			files = (
			);
			runOnlyForDeploymentPostprocessing = 0;
		};
		37F1EDC01F05E5090049AB8E /* Frameworks */ = {
			isa = PBXFrameworksBuildPhase;
			buildActionMask = 2147483647;
			files = (
			);
			runOnlyForDeploymentPostprocessing = 0;
		};
/* End PBXFrameworksBuildPhase section */

/* Begin PBXGroup section */
		379A5B781F136EC6005BDBBF /* CollectionView */ = {
			isa = PBXGroup;
			children = (
				379A5B791F137049005BDBBF /* TopCollectionViewController.swift */,
				379A5B7D1F137117005BDBBF /* TopCollectionViewCell.swift */,
				379A5B7B1F137073005BDBBF /* KillCollectionViewController.swift */,
				379A5B7F1F13712F005BDBBF /* KillCollectionViewCell.swift */,
				379A5B8D1F15F9F4005BDBBF /* SearchAllCollectionViewCell.swift */,
			);
			name = CollectionView;
			sourceTree = "<group>";
		};
		379A5B931F161BB0005BDBBF /* Faction Classes */ = {
			isa = PBXGroup;
			children = (
				37D230EA1F8CF75E008FD168 /* IttyCritters.swift */,
				37D230EB1F8CF75E008FD168 /* Kaiju.swift */,
				37D230EC1F8CF75E008FD168 /* MagicalGirls.swift */,
				37D230ED1F8CF75E008FD168 /* MegaTroopers.swift */,
				37D230EE1F8CF75E008FD168 /* AllStars.swift */,
				37D230EF1F8CF75E008FD168 /* Explorers.swift */,
				37D230F01F8CF75E008FD168 /* Grannies.swift */,
				37D230F11F8CF75E008FD168 /* RockStars.swift */,
				37D230F21F8CF75E008FD168 /* Sharks.swift */,
				37D230F31F8CF75E008FD168 /* StarRoamers.swift */,
				37D230F41F8CF75E008FD168 /* SuperHeroes.swift */,
				37D230F51F8CF75E008FD168 /* TeddyBears.swift */,
				37D230F61F8CF75E008FD168 /* Tornados.swift */,
				37D230F71F8CF75E008FD168 /* Warriors.swift */,
				37D230F81F8CF75E008FD168 /* Aliens.swift */,
				37D230F91F8CF75E008FD168 /* AstroKnights.swift */,
				37D230FA1F8CF75E008FD168 /* ChangerBots.swift */,
				37D230FB1F8CF75E008FD168 /* Dragons.swift */,
				37D230FC1F8CF75E008FD168 /* IgNobles.swift */,
				37D230FD1F8CF75E008FD168 /* MythicGreeks.swift */,
				37D230FE1F8CF75E008FD168 /* BearCavalry.swift */,
				37D230FF1F8CF75E008FD168 /* Clerics.swift */,
				37D231001F8CF75E008FD168 /* CyborgApes.swift */,
				37D231011F8CF75E008FD168 /* Dinosaurs.swift */,
				37D231021F8CF75E008FD168 /* Dwarves.swift */,
				37D231031F8CF75E008FD168 /* ElderThings.swift */,
				37D231041F8CF75E008FD168 /* Elves.swift */,
				37D231051F8CF75E008FD168 /* Fairies.swift */,
				37D231061F8CF75E008FD168 /* Geeks.swift */,
				37D231071F8CF75E008FD168 /* Ghosts.swift */,
				37D231081F8CF75E008FD168 /* GiantAnts.swift */,
				37D231091F8CF75E008FD168 /* Halflings.swift */,
				37D2310A1F8CF75E008FD168 /* Innsmouth.swift */,
				37D2310B1F8CF75E008FD168 /* KillerPlants.swift */,
				37D2310C1F8CF75E008FD168 /* KittyCats.swift */,
				37D2310D1F8CF75E008FD168 /* MadScientists.swift */,
				37D2310E1F8CF75E008FD168 /* Mages.swift */,
				37D2310F1F8CF75E008FD168 /* MinionsOfCthulhu.swift */,
				37D231101F8CF75E008FD168 /* MiskatonicUniversity.swift */,
				37D231111F8CF75E008FD168 /* MythicHorses.swift */,
				37D231121F8CF75E008FD168 /* Ninjas.swift */,
				37D231131F8CF75E008FD168 /* Orcs.swift */,
				37D231141F8CF75E008FD168 /* Pirates.swift */,
				37D231151F8CF75E008FD168 /* Princesses.swift */,
				37D231161F8CF75E008FD168 /* Robots.swift */,
				37D231171F8CF75E008FD168 /* ShapeShifters.swift */,
				37D231181F8CF75E008FD168 /* SteamPunks.swift */,
				37D231191F8CF75E008FD168 /* SuperSpies.swift */,
				37D2311A1F8CF75E008FD168 /* Thieves.swift */,
				37D2311B1F8CF75E008FD168 /* TimeTravelers.swift */,
				37D2311C1F8CF75E008FD168 /* Tricksters.swift */,
				37D2311D1F8CF75E008FD168 /* Vampires.swift */,
				37D2311E1F8CF75E008FD168 /* Werewolves.swift */,
				37D2311F1F8CF75E008FD168 /* Wizards.swift */,
				37D231201F8CF75E008FD168 /* Zombies.swift */,
			);
			name = "Faction Classes";
			sourceTree = "<group>";
		};
		379A5BF01F161D4B005BDBBF /* Support Files */ = {
			isa = PBXGroup;
			children = (
				37D230DE1F8CF6B1008FD168 /* Faction.swift */,
				37D230DF1F8CF6B1008FD168 /* ListOfAllCardsAndFactions.swift */,
				37D230E01F8CF6B1008FD168 /* Minion.swift */,
				37D230E11F8CF6B1008FD168 /* MinionAbility.swift */,
				37D230E21F8CF6B1008FD168 /* ActionCard.swift */,
				37D230E31F8CF6B1008FD168 /* ActionCardAbility.swift */,
			);
			name = "Support Files";
			sourceTree = "<group>";
		};
		37F1ED981F05E5090049AB8E = {
			isa = PBXGroup;
			children = (
				37F1EDA31F05E5090049AB8E /* SmashUpCardAnalyzer */,
				37F1EDBB1F05E5090049AB8E /* SmashUpCardAnalyzerTests */,
				37F1EDC61F05E5090049AB8E /* SmashUpCardAnalyzerUITests */,
				37F1EDA21F05E5090049AB8E /* Products */,
			);
			sourceTree = "<group>";
		};
		37F1EDA21F05E5090049AB8E /* Products */ = {
			isa = PBXGroup;
			children = (
				37F1EDA11F05E5090049AB8E /* SmashUpCardAnalyzer.app */,
				37F1EDB81F05E5090049AB8E /* SmashUpCardAnalyzerTests.xctest */,
				37F1EDC31F05E5090049AB8E /* SmashUpCardAnalyzerUITests.xctest */,
			);
			name = Products;
			sourceTree = "<group>";
		};
		37F1EDA31F05E5090049AB8E /* SmashUpCardAnalyzer */ = {
			isa = PBXGroup;
			children = (
				3754BE611FD5E7470067DAC5 /* orbitron-black.otf */,
				3754BE5F1FD5E7470067DAC5 /* orbitron-bold.otf */,
				3754BE601FD5E7470067DAC5 /* orbitron-medium.otf */,
				379A5BF01F161D4B005BDBBF /* Support Files */,
				379A5B931F161BB0005BDBBF /* Faction Classes */,
				379A5B781F136EC6005BDBBF /* CollectionView */,
				37D230DA1F883888008FD168 /* Diplomata-Regular.ttf */,
				37D230DC1F8838B6008FD168 /* Heroic.ttf */,
				37F1EDA41F05E5090049AB8E /* AppDelegate.swift */,
				37F1EDA61F05E5090049AB8E /* ViewController.swift */,
				379A5B811F13745B005BDBBF /* CardTypeMAandTopViewController.swift */,
				379A5B831F137486005BDBBF /* CardTypeKillMoveExtraEtcViewController.swift */,
				37F1EDA81F05E5090049AB8E /* Main.storyboard */,
				37F1EDAE1F05E5090049AB8E /* Assets.xcassets */,
				37F1EDB01F05E5090049AB8E /* LaunchScreen.storyboard */,
				37F1EDB31F05E5090049AB8E /* Info.plist */,
				37F1EDAB1F05E5090049AB8E /* SmashUpCardAnalyzer.xcdatamodeld */,
				379A5B851F138364005BDBBF /* Factions.swift */,
				379A5B891F15F44E005BDBBF /* SearchOptions.swift */,
				379A5B911F16181B005BDBBF /* Card.swift */,
			);
			path = SmashUpCardAnalyzer;
			sourceTree = "<group>";
		};
		37F1EDBB1F05E5090049AB8E /* SmashUpCardAnalyzerTests */ = {
			isa = PBXGroup;
			children = (
				37F1EDBC1F05E5090049AB8E /* SmashUpCardAnalyzerTests.swift */,
				37F1EDBE1F05E5090049AB8E /* Info.plist */,
			);
			path = SmashUpCardAnalyzerTests;
			sourceTree = "<group>";
		};
		37F1EDC61F05E5090049AB8E /* SmashUpCardAnalyzerUITests */ = {
			isa = PBXGroup;
			children = (
				37F1EDC71F05E50A0049AB8E /* SmashUpCardAnalyzerUITests.swift */,
				37F1EDC91F05E50A0049AB8E /* Info.plist */,
			);
			path = SmashUpCardAnalyzerUITests;
			sourceTree = "<group>";
		};
/* End PBXGroup section */

/* Begin PBXNativeTarget section */
		37F1EDA01F05E5090049AB8E /* SmashUpCardAnalyzer */ = {
			isa = PBXNativeTarget;
			buildConfigurationList = 37F1EDCC1F05E50A0049AB8E /* Build configuration list for PBXNativeTarget "SmashUpCardAnalyzer" */;
			buildPhases = (
				37F1ED9D1F05E5090049AB8E /* Sources */,
				37F1ED9E1F05E5090049AB8E /* Frameworks */,
				37F1ED9F1F05E5090049AB8E /* Resources */,
			);
			buildRules = (
			);
			dependencies = (
			);
			name = SmashUpCardAnalyzer;
			productName = SmashUpCardAnalyzer;
			productReference = 37F1EDA11F05E5090049AB8E /* SmashUpCardAnalyzer.app */;
			productType = "com.apple.product-type.application";
		};
		37F1EDB71F05E5090049AB8E /* SmashUpCardAnalyzerTests */ = {
			isa = PBXNativeTarget;
			buildConfigurationList = 37F1EDCF1F05E50A0049AB8E /* Build configuration list for PBXNativeTarget "SmashUpCardAnalyzerTests" */;
			buildPhases = (
				37F1EDB41F05E5090049AB8E /* Sources */,
				37F1EDB51F05E5090049AB8E /* Frameworks */,
				37F1EDB61F05E5090049AB8E /* Resources */,
			);
			buildRules = (
			);
			dependencies = (
				37F1EDBA1F05E5090049AB8E /* PBXTargetDependency */,
			);
			name = SmashUpCardAnalyzerTests;
			productName = SmashUpCardAnalyzerTests;
			productReference = 37F1EDB81F05E5090049AB8E /* SmashUpCardAnalyzerTests.xctest */;
			productType = "com.apple.product-type.bundle.unit-test";
		};
		37F1EDC21F05E5090049AB8E /* SmashUpCardAnalyzerUITests */ = {
			isa = PBXNativeTarget;
			buildConfigurationList = 37F1EDD21F05E50A0049AB8E /* Build configuration list for PBXNativeTarget "SmashUpCardAnalyzerUITests" */;
			buildPhases = (
				37F1EDBF1F05E5090049AB8E /* Sources */,
				37F1EDC01F05E5090049AB8E /* Frameworks */,
				37F1EDC11F05E5090049AB8E /* Resources */,
			);
			buildRules = (
			);
			dependencies = (
				37F1EDC51F05E5090049AB8E /* PBXTargetDependency */,
			);
			name = SmashUpCardAnalyzerUITests;
			productName = SmashUpCardAnalyzerUITests;
			productReference = 37F1EDC31F05E5090049AB8E /* SmashUpCardAnalyzerUITests.xctest */;
			productType = "com.apple.product-type.bundle.ui-testing";
		};
/* End PBXNativeTarget section */

/* Begin PBXProject section */
		37F1ED991F05E5090049AB8E /* Project object */ = {
			isa = PBXProject;
			attributes = {
				LastSwiftUpdateCheck = 0830;
				LastUpgradeCheck = 0830;
				ORGANIZATIONNAME = "Robert Martin";
				TargetAttributes = {
					37F1EDA01F05E5090049AB8E = {
						CreatedOnToolsVersion = 8.3.3;
						DevelopmentTeam = T3K5P842PL;
						ProvisioningStyle = Automatic;
					};
					37F1EDB71F05E5090049AB8E = {
						CreatedOnToolsVersion = 8.3.3;
						DevelopmentTeam = T3K5P842PL;
						ProvisioningStyle = Automatic;
						TestTargetID = 37F1EDA01F05E5090049AB8E;
					};
					37F1EDC21F05E5090049AB8E = {
						CreatedOnToolsVersion = 8.3.3;
						DevelopmentTeam = T3K5P842PL;
						ProvisioningStyle = Automatic;
						TestTargetID = 37F1EDA01F05E5090049AB8E;
					};
				};
			};
			buildConfigurationList = 37F1ED9C1F05E5090049AB8E /* Build configuration list for PBXProject "SmashUpCardAnalyzer" */;
			compatibilityVersion = "Xcode 3.2";
			developmentRegion = English;
			hasScannedForEncodings = 0;
			knownRegions = (
				en,
				Base,
			);
			mainGroup = 37F1ED981F05E5090049AB8E;
			productRefGroup = 37F1EDA21F05E5090049AB8E /* Products */;
			projectDirPath = "";
			projectRoot = "";
			targets = (
				37F1EDA01F05E5090049AB8E /* SmashUpCardAnalyzer */,
				37F1EDB71F05E5090049AB8E /* SmashUpCardAnalyzerTests */,
				37F1EDC21F05E5090049AB8E /* SmashUpCardAnalyzerUITests */,
			);
		};
/* End PBXProject section */

/* Begin PBXResourcesBuildPhase section */
		37F1ED9F1F05E5090049AB8E /* Resources */ = {
			isa = PBXResourcesBuildPhase;
			buildActionMask = 2147483647;
			files = (
				3754BE631FD5E7480067DAC5 /* orbitron-medium.otf in Resources */,
				37F1EDB21F05E5090049AB8E /* LaunchScreen.storyboard in Resources */,
				3754BE641FD5E7480067DAC5 /* orbitron-black.otf in Resources */,
				37D230DB1F883888008FD168 /* Diplomata-Regular.ttf in Resources */,
				37F1EDAF1F05E5090049AB8E /* Assets.xcassets in Resources */,
				3754BE621FD5E7480067DAC5 /* orbitron-bold.otf in Resources */,
				37F1EDAA1F05E5090049AB8E /* Main.storyboard in Resources */,
				37D230DD1F8838B6008FD168 /* Heroic.ttf in Resources */,
			);
			runOnlyForDeploymentPostprocessing = 0;
		};
		37F1EDB61F05E5090049AB8E /* Resources */ = {
			isa = PBXResourcesBuildPhase;
			buildActionMask = 2147483647;
			files = (
			);
			runOnlyForDeploymentPostprocessing = 0;
		};
		37F1EDC11F05E5090049AB8E /* Resources */ = {
			isa = PBXResourcesBuildPhase;
			buildActionMask = 2147483647;
			files = (
			);
			runOnlyForDeploymentPostprocessing = 0;
		};
/* End PBXResourcesBuildPhase section */

/* Begin PBXSourcesBuildPhase section */
		37F1ED9D1F05E5090049AB8E /* Sources */ = {
			isa = PBXSourcesBuildPhase;
			buildActionMask = 2147483647;
			files = (
				37D231371F8CF75E008FD168 /* CyborgApes.swift in Sources */,
				379A5B8A1F15F44E005BDBBF /* SearchOptions.swift in Sources */,
				37D231341F8CF75E008FD168 /* MythicGreeks.swift in Sources */,
				37D231431F8CF75E008FD168 /* KittyCats.swift in Sources */,
				37D231221F8CF75E008FD168 /* Kaiju.swift in Sources */,
				37D231311F8CF75E008FD168 /* ChangerBots.swift in Sources */,
				37D2312E1F8CF75E008FD168 /* Warriors.swift in Sources */,
				37D230E61F8CF6B1008FD168 /* Minion.swift in Sources */,
				379A5B8E1F15F9F4005BDBBF /* SearchAllCollectionViewCell.swift in Sources */,
				37D2314E1F8CF75E008FD168 /* ShapeShifters.swift in Sources */,
				37D230E71F8CF6B1008FD168 /* MinionAbility.swift in Sources */,
				37D231561F8CF75E008FD168 /* Wizards.swift in Sources */,
				37D231481F8CF75E008FD168 /* MythicHorses.swift in Sources */,
				37D231241F8CF75E008FD168 /* MegaTroopers.swift in Sources */,
				37D2314D1F8CF75E008FD168 /* Robots.swift in Sources */,
				37D231451F8CF75E008FD168 /* Mages.swift in Sources */,
				379A5B801F13712F005BDBBF /* KillCollectionViewCell.swift in Sources */,
				379A5B7E1F137117005BDBBF /* TopCollectionViewCell.swift in Sources */,
				37D231291F8CF75E008FD168 /* Sharks.swift in Sources */,
				37F1EDA71F05E5090049AB8E /* ViewController.swift in Sources */,
				37D2314B1F8CF75E008FD168 /* Pirates.swift in Sources */,
				37D231301F8CF75E008FD168 /* AstroKnights.swift in Sources */,
				37F1EDA51F05E5090049AB8E /* AppDelegate.swift in Sources */,
				37D231361F8CF75E008FD168 /* Clerics.swift in Sources */,
				379A5B921F16181B005BDBBF /* Card.swift in Sources */,
				37D2314A1F8CF75E008FD168 /* Orcs.swift in Sources */,
				37D231541F8CF75E008FD168 /* Vampires.swift in Sources */,
				37D231441F8CF75E008FD168 /* MadScientists.swift in Sources */,
				37D2314C1F8CF75E008FD168 /* Princesses.swift in Sources */,
				37D231501F8CF75E008FD168 /* SuperSpies.swift in Sources */,
				37D2313E1F8CF75E008FD168 /* Ghosts.swift in Sources */,
				37D230E91F8CF6B1008FD168 /* ActionCardAbility.swift in Sources */,
				37D231421F8CF75E008FD168 /* KillerPlants.swift in Sources */,
				37D231261F8CF75E008FD168 /* Explorers.swift in Sources */,
				37D231251F8CF75E008FD168 /* AllStars.swift in Sources */,
				37D231391F8CF75E008FD168 /* Dwarves.swift in Sources */,
				37D2312D1F8CF75E008FD168 /* Tornados.swift in Sources */,
				37D2313C1F8CF75E008FD168 /* Fairies.swift in Sources */,
				37D2312F1F8CF75E008FD168 /* Aliens.swift in Sources */,
				37D2312A1F8CF75E008FD168 /* StarRoamers.swift in Sources */,
				379A5B7C1F137073005BDBBF /* KillCollectionViewController.swift in Sources */,
				379A5B7A1F137049005BDBBF /* TopCollectionViewController.swift in Sources */,
				37D231491F8CF75E008FD168 /* Ninjas.swift in Sources */,
				37D2313F1F8CF75E008FD168 /* GiantAnts.swift in Sources */,
				37D231411F8CF75E008FD168 /* Innsmouth.swift in Sources */,
				37D2313D1F8CF75E008FD168 /* Geeks.swift in Sources */,
				37D231461F8CF75E008FD168 /* MinionsOfCthulhu.swift in Sources */,
				379A5B861F138364005BDBBF /* Factions.swift in Sources */,
				37D2314F1F8CF75E008FD168 /* SteamPunks.swift in Sources */,
				379A5B841F137486005BDBBF /* CardTypeKillMoveExtraEtcViewController.swift in Sources */,
				37D230E41F8CF6B1008FD168 /* Faction.swift in Sources */,
				37D231281F8CF75E008FD168 /* RockStars.swift in Sources */,
				37D231471F8CF75E008FD168 /* MiskatonicUniversity.swift in Sources */,
				37D231351F8CF75E008FD168 /* BearCavalry.swift in Sources */,
				37D231511F8CF75E008FD168 /* Thieves.swift in Sources */,
				37D231321F8CF75E008FD168 /* Dragons.swift in Sources */,
				37D231231F8CF75E008FD168 /* MagicalGirls.swift in Sources */,
				379A5B821F13745B005BDBBF /* CardTypeMAandTopViewController.swift in Sources */,
				37D2313A1F8CF75E008FD168 /* ElderThings.swift in Sources */,
				37D231551F8CF75E008FD168 /* Werewolves.swift in Sources */,
				37D230E51F8CF6B1008FD168 /* ListOfAllCardsAndFactions.swift in Sources */,
				37D231271F8CF75E008FD168 /* Grannies.swift in Sources */,
				37D2312B1F8CF75E008FD168 /* SuperHeroes.swift in Sources */,
				37D231521F8CF75E008FD168 /* TimeTravelers.swift in Sources */,
				37D231331F8CF75E008FD168 /* IgNobles.swift in Sources */,
				37D230E81F8CF6B1008FD168 /* ActionCard.swift in Sources */,
				37D2313B1F8CF75E008FD168 /* Elves.swift in Sources */,
				37F1EDAD1F05E5090049AB8E /* SmashUpCardAnalyzer.xcdatamodeld in Sources */,
				37D231381F8CF75E008FD168 /* Dinosaurs.swift in Sources */,
				37D2312C1F8CF75E008FD168 /* TeddyBears.swift in Sources */,
				37D231401F8CF75E008FD168 /* Halflings.swift in Sources */,
				37D231211F8CF75E008FD168 /* IttyCritters.swift in Sources */,
				37D231531F8CF75E008FD168 /* Tricksters.swift in Sources */,
				37D231571F8CF75E008FD168 /* Zombies.swift in Sources */,
			);
			runOnlyForDeploymentPostprocessing = 0;
		};
		37F1EDB41F05E5090049AB8E /* Sources */ = {
			isa = PBXSourcesBuildPhase;
			buildActionMask = 2147483647;
			files = (
				37F1EDBD1F05E5090049AB8E /* SmashUpCardAnalyzerTests.swift in Sources */,
			);
			runOnlyForDeploymentPostprocessing = 0;
		};
		37F1EDBF1F05E5090049AB8E /* Sources */ = {
			isa = PBXSourcesBuildPhase;
			buildActionMask = 2147483647;
			files = (
				37F1EDC81F05E50A0049AB8E /* SmashUpCardAnalyzerUITests.swift in Sources */,
			);
			runOnlyForDeploymentPostprocessing = 0;
		};
/* End PBXSourcesBuildPhase section */

/* Begin PBXTargetDependency section */
		37F1EDBA1F05E5090049AB8E /* PBXTargetDependency */ = {
			isa = PBXTargetDependency;
			target = 37F1EDA01F05E5090049AB8E /* SmashUpCardAnalyzer */;
			targetProxy = 37F1EDB91F05E5090049AB8E /* PBXContainerItemProxy */;
		};
		37F1EDC51F05E5090049AB8E /* PBXTargetDependency */ = {
			isa = PBXTargetDependency;
			target = 37F1EDA01F05E5090049AB8E /* SmashUpCardAnalyzer */;
			targetProxy = 37F1EDC41F05E5090049AB8E /* PBXContainerItemProxy */;
		};
/* End PBXTargetDependency section */

/* Begin PBXVariantGroup section */
		37F1EDA81F05E5090049AB8E /* Main.storyboard */ = {
			isa = PBXVariantGroup;
			children = (
				37F1EDA91F05E5090049AB8E /* Base */,
			);
			name = Main.storyboard;
			sourceTree = "<group>";
		};
		37F1EDB01F05E5090049AB8E /* LaunchScreen.storyboard */ = {
			isa = PBXVariantGroup;
			children = (
				37F1EDB11F05E5090049AB8E /* Base */,
			);
			name = LaunchScreen.storyboard;
			sourceTree = "<group>";
		};
/* End PBXVariantGroup section */

/* Begin XCBuildConfiguration section */
		37F1EDCA1F05E50A0049AB8E /* Debug */ = {
			isa = XCBuildConfiguration;
			buildSettings = {
				ALWAYS_SEARCH_USER_PATHS = NO;
				CLANG_ANALYZER_NONNULL = YES;
				CLANG_ANALYZER_NUMBER_OBJECT_CONVERSION = YES_AGGRESSIVE;
				CLANG_CXX_LANGUAGE_STANDARD = "gnu++0x";
				CLANG_CXX_LIBRARY = "libc++";
				CLANG_ENABLE_MODULES = YES;
				CLANG_ENABLE_OBJC_ARC = YES;
				CLANG_WARN_BOOL_CONVERSION = YES;
				CLANG_WARN_CONSTANT_CONVERSION = YES;
				CLANG_WARN_DIRECT_OBJC_ISA_USAGE = YES_ERROR;
				CLANG_WARN_DOCUMENTATION_COMMENTS = YES;
				CLANG_WARN_EMPTY_BODY = YES;
				CLANG_WARN_ENUM_CONVERSION = YES;
				CLANG_WARN_INFINITE_RECURSION = YES;
				CLANG_WARN_INT_CONVERSION = YES;
				CLANG_WARN_OBJC_ROOT_CLASS = YES_ERROR;
				CLANG_WARN_SUSPICIOUS_MOVE = YES;
				CLANG_WARN_UNREACHABLE_CODE = YES;
				CLANG_WARN__DUPLICATE_METHOD_MATCH = YES;
				"CODE_SIGN_IDENTITY[sdk=iphoneos*]" = "iPhone Developer";
				COPY_PHASE_STRIP = NO;
				DEBUG_INFORMATION_FORMAT = dwarf;
				ENABLE_STRICT_OBJC_MSGSEND = YES;
				ENABLE_TESTABILITY = YES;
				GCC_C_LANGUAGE_STANDARD = gnu99;
				GCC_DYNAMIC_NO_PIC = NO;
				GCC_NO_COMMON_BLOCKS = YES;
				GCC_OPTIMIZATION_LEVEL = 0;
				GCC_PREPROCESSOR_DEFINITIONS = (
					"DEBUG=1",
					"$(inherited)",
				);
				GCC_WARN_64_TO_32_BIT_CONVERSION = YES;
				GCC_WARN_ABOUT_RETURN_TYPE = YES_ERROR;
				GCC_WARN_UNDECLARED_SELECTOR = YES;
				GCC_WARN_UNINITIALIZED_AUTOS = YES_AGGRESSIVE;
				GCC_WARN_UNUSED_FUNCTION = YES;
				GCC_WARN_UNUSED_VARIABLE = YES;
				IPHONEOS_DEPLOYMENT_TARGET = 10.3;
				MTL_ENABLE_DEBUG_INFO = YES;
				ONLY_ACTIVE_ARCH = YES;
				SDKROOT = iphoneos;
				SWIFT_ACTIVE_COMPILATION_CONDITIONS = DEBUG;
				SWIFT_OPTIMIZATION_LEVEL = "-Onone";
				TARGETED_DEVICE_FAMILY = "1,2";
			};
			name = Debug;
		};
		37F1EDCB1F05E50A0049AB8E /* Release */ = {
			isa = XCBuildConfiguration;
			buildSettings = {
				ALWAYS_SEARCH_USER_PATHS = NO;
				CLANG_ANALYZER_NONNULL = YES;
				CLANG_ANALYZER_NUMBER_OBJECT_CONVERSION = YES_AGGRESSIVE;
				CLANG_CXX_LANGUAGE_STANDARD = "gnu++0x";
				CLANG_CXX_LIBRARY = "libc++";
				CLANG_ENABLE_MODULES = YES;
				CLANG_ENABLE_OBJC_ARC = YES;
				CLANG_WARN_BOOL_CONVERSION = YES;
				CLANG_WARN_CONSTANT_CONVERSION = YES;
				CLANG_WARN_DIRECT_OBJC_ISA_USAGE = YES_ERROR;
				CLANG_WARN_DOCUMENTATION_COMMENTS = YES;
				CLANG_WARN_EMPTY_BODY = YES;
				CLANG_WARN_ENUM_CONVERSION = YES;
				CLANG_WARN_INFINITE_RECURSION = YES;
				CLANG_WARN_INT_CONVERSION = YES;
				CLANG_WARN_OBJC_ROOT_CLASS = YES_ERROR;
				CLANG_WARN_SUSPICIOUS_MOVE = YES;
				CLANG_WARN_UNREACHABLE_CODE = YES;
				CLANG_WARN__DUPLICATE_METHOD_MATCH = YES;
				"CODE_SIGN_IDENTITY[sdk=iphoneos*]" = "iPhone Developer";
				COPY_PHASE_STRIP = NO;
				DEBUG_INFORMATION_FORMAT = "dwarf-with-dsym";
				ENABLE_NS_ASSERTIONS = NO;
				ENABLE_STRICT_OBJC_MSGSEND = YES;
				GCC_C_LANGUAGE_STANDARD = gnu99;
				GCC_NO_COMMON_BLOCKS = YES;
				GCC_WARN_64_TO_32_BIT_CONVERSION = YES;
				GCC_WARN_ABOUT_RETURN_TYPE = YES_ERROR;
				GCC_WARN_UNDECLARED_SELECTOR = YES;
				GCC_WARN_UNINITIALIZED_AUTOS = YES_AGGRESSIVE;
				GCC_WARN_UNUSED_FUNCTION = YES;
				GCC_WARN_UNUSED_VARIABLE = YES;
				IPHONEOS_DEPLOYMENT_TARGET = 10.3;
				MTL_ENABLE_DEBUG_INFO = NO;
				SDKROOT = iphoneos;
				SWIFT_OPTIMIZATION_LEVEL = "-Owholemodule";
				TARGETED_DEVICE_FAMILY = "1,2";
				VALIDATE_PRODUCT = YES;
			};
			name = Release;
		};
		37F1EDCD1F05E50A0049AB8E /* Debug */ = {
			isa = XCBuildConfiguration;
			buildSettings = {
				ASSETCATALOG_COMPILER_APPICON_NAME = AppIcon;
				DEVELOPMENT_TEAM = T3K5P842PL;
				INFOPLIST_FILE = SmashUpCardAnalyzer/Info.plist;
				LD_RUNPATH_SEARCH_PATHS = "$(inherited) @executable_path/Frameworks";
				PRODUCT_BUNDLE_IDENTIFIER = org.quaereveritatem.SmashUpCardAnalyzer;
				PRODUCT_NAME = "$(TARGET_NAME)";
				SWIFT_VERSION = 3.0;
			};
			name = Debug;
		};
		37F1EDCE1F05E50A0049AB8E /* Release */ = {
			isa = XCBuildConfiguration;
			buildSettings = {
				ASSETCATALOG_COMPILER_APPICON_NAME = AppIcon;
				DEVELOPMENT_TEAM = T3K5P842PL;
				INFOPLIST_FILE = SmashUpCardAnalyzer/Info.plist;
				LD_RUNPATH_SEARCH_PATHS = "$(inherited) @executable_path/Frameworks";
				PRODUCT_BUNDLE_IDENTIFIER = org.quaereveritatem.SmashUpCardAnalyzer;
				PRODUCT_NAME = "$(TARGET_NAME)";
				SWIFT_VERSION = 3.0;
			};
			name = Release;
		};
		37F1EDD01F05E50A0049AB8E /* Debug */ = {
			isa = XCBuildConfiguration;
			buildSettings = {
				ALWAYS_EMBED_SWIFT_STANDARD_LIBRARIES = YES;
				BUNDLE_LOADER = "$(TEST_HOST)";
				DEVELOPMENT_TEAM = T3K5P842PL;
				INFOPLIST_FILE = SmashUpCardAnalyzerTests/Info.plist;
				LD_RUNPATH_SEARCH_PATHS = "$(inherited) @executable_path/Frameworks @loader_path/Frameworks";
				PRODUCT_BUNDLE_IDENTIFIER = org.quaereveritatem.SmashUpCardAnalyzerTests;
				PRODUCT_NAME = "$(TARGET_NAME)";
				SWIFT_VERSION = 3.0;
				TEST_HOST = "$(BUILT_PRODUCTS_DIR)/SmashUpCardAnalyzer.app/SmashUpCardAnalyzer";
			};
			name = Debug;
		};
		37F1EDD11F05E50A0049AB8E /* Release */ = {
			isa = XCBuildConfiguration;
			buildSettings = {
				ALWAYS_EMBED_SWIFT_STANDARD_LIBRARIES = YES;
				BUNDLE_LOADER = "$(TEST_HOST)";
				DEVELOPMENT_TEAM = T3K5P842PL;
				INFOPLIST_FILE = SmashUpCardAnalyzerTests/Info.plist;
				LD_RUNPATH_SEARCH_PATHS = "$(inherited) @executable_path/Frameworks @loader_path/Frameworks";
				PRODUCT_BUNDLE_IDENTIFIER = org.quaereveritatem.SmashUpCardAnalyzerTests;
				PRODUCT_NAME = "$(TARGET_NAME)";
				SWIFT_VERSION = 3.0;
				TEST_HOST = "$(BUILT_PRODUCTS_DIR)/SmashUpCardAnalyzer.app/SmashUpCardAnalyzer";
			};
			name = Release;
		};
		37F1EDD31F05E50A0049AB8E /* Debug */ = {
			isa = XCBuildConfiguration;
			buildSettings = {
				ALWAYS_EMBED_SWIFT_STANDARD_LIBRARIES = YES;
				DEVELOPMENT_TEAM = T3K5P842PL;
				INFOPLIST_FILE = SmashUpCardAnalyzerUITests/Info.plist;
				LD_RUNPATH_SEARCH_PATHS = "$(inherited) @executable_path/Frameworks @loader_path/Frameworks";
				PRODUCT_BUNDLE_IDENTIFIER = org.quaereveritatem.SmashUpCardAnalyzerUITests;
				PRODUCT_NAME = "$(TARGET_NAME)";
				SWIFT_VERSION = 3.0;
				TEST_TARGET_NAME = SmashUpCardAnalyzer;
			};
			name = Debug;
		};
		37F1EDD41F05E50A0049AB8E /* Release */ = {
			isa = XCBuildConfiguration;
			buildSettings = {
				ALWAYS_EMBED_SWIFT_STANDARD_LIBRARIES = YES;
				DEVELOPMENT_TEAM = T3K5P842PL;
				INFOPLIST_FILE = SmashUpCardAnalyzerUITests/Info.plist;
				LD_RUNPATH_SEARCH_PATHS = "$(inherited) @executable_path/Frameworks @loader_path/Frameworks";
				PRODUCT_BUNDLE_IDENTIFIER = org.quaereveritatem.SmashUpCardAnalyzerUITests;
				PRODUCT_NAME = "$(TARGET_NAME)";
				SWIFT_VERSION = 3.0;
				TEST_TARGET_NAME = SmashUpCardAnalyzer;
			};
			name = Release;
		};
/* End XCBuildConfiguration section */

/* Begin XCConfigurationList section */
		37F1ED9C1F05E5090049AB8E /* Build configuration list for PBXProject "SmashUpCardAnalyzer" */ = {
			isa = XCConfigurationList;
			buildConfigurations = (
				37F1EDCA1F05E50A0049AB8E /* Debug */,
				37F1EDCB1F05E50A0049AB8E /* Release */,
			);
			defaultConfigurationIsVisible = 0;
			defaultConfigurationName = Release;
		};
		37F1EDCC1F05E50A0049AB8E /* Build configuration list for PBXNativeTarget "SmashUpCardAnalyzer" */ = {
			isa = XCConfigurationList;
			buildConfigurations = (
				37F1EDCD1F05E50A0049AB8E /* Debug */,
				37F1EDCE1F05E50A0049AB8E /* Release */,
			);
			defaultConfigurationIsVisible = 0;
			defaultConfigurationName = Release;
		};
		37F1EDCF1F05E50A0049AB8E /* Build configuration list for PBXNativeTarget "SmashUpCardAnalyzerTests" */ = {
			isa = XCConfigurationList;
			buildConfigurations = (
				37F1EDD01F05E50A0049AB8E /* Debug */,
				37F1EDD11F05E50A0049AB8E /* Release */,
			);
			defaultConfigurationIsVisible = 0;
			defaultConfigurationName = Release;
		};
		37F1EDD21F05E50A0049AB8E /* Build configuration list for PBXNativeTarget "SmashUpCardAnalyzerUITests" */ = {
			isa = XCConfigurationList;
			buildConfigurations = (
				37F1EDD31F05E50A0049AB8E /* Debug */,
				37F1EDD41F05E50A0049AB8E /* Release */,
			);
			defaultConfigurationIsVisible = 0;
			defaultConfigurationName = Release;
		};
/* End XCConfigurationList section */

/* Begin XCVersionGroup section */
		37F1EDAB1F05E5090049AB8E /* SmashUpCardAnalyzer.xcdatamodeld */ = {
			isa = XCVersionGroup;
			children = (
				37F1EDAC1F05E5090049AB8E /* SmashUpCardAnalyzer.xcdatamodel */,
			);
			currentVersion = 37F1EDAC1F05E5090049AB8E /* SmashUpCardAnalyzer.xcdatamodel */;
			path = SmashUpCardAnalyzer.xcdatamodeld;
			sourceTree = "<group>";
			versionGroupType = wrapper.xcdatamodel;
		};
/* End XCVersionGroup section */
	};
	rootObject = 37F1ED991F05E5090049AB8E /* Project object */;
}
