// !$*UTF8*$!
{
	archiveVersion = 1;
	classes = {
	};
	objectVersion = 46;
	objects = {

/* Begin PBXBuildFile section */
		373DD68620280F7B001C84A2 /* orbitron-bold.otf in Resources */ = {isa = PBXBuildFile; fileRef = 373DD68220280F7A001C84A2 /* orbitron-bold.otf */; };
		373DD68720280F7B001C84A2 /* orbitron-medium.otf in Resources */ = {isa = PBXBuildFile; fileRef = 373DD68320280F7A001C84A2 /* orbitron-medium.otf */; };
		373DD68820280F7B001C84A2 /* orbitron-light.otf in Resources */ = {isa = PBXBuildFile; fileRef = 373DD68420280F7A001C84A2 /* orbitron-light.otf */; };
		373DD68920280F7B001C84A2 /* orbitron-black.otf in Resources */ = {isa = PBXBuildFile; fileRef = 373DD68520280F7B001C84A2 /* orbitron-black.otf */; };
		373DD69020280FA5001C84A2 /* Heroic.ttf in Resources */ = {isa = PBXBuildFile; fileRef = 373DD68F20280FA5001C84A2 /* Heroic.ttf */; };
		373DD69320280FC5001C84A2 /* DiplomataSC-Regular.ttf in Resources */ = {isa = PBXBuildFile; fileRef = 373DD69120280FC5001C84A2 /* DiplomataSC-Regular.ttf */; };
		373DD69420280FC5001C84A2 /* Diplomata-Regular.ttf in Resources */ = {isa = PBXBuildFile; fileRef = 373DD69220280FC5001C84A2 /* Diplomata-Regular.ttf */; };
		373DD6A020281230001C84A2 /* TODO List.swift in Sources */ = {isa = PBXBuildFile; fileRef = 373DD69F20281230001C84A2 /* TODO List.swift */; };
		373DD6A3202812C8001C84A2 /* Aliens.swift in Sources */ = {isa = PBXBuildFile; fileRef = 373DD6A2202812C8001C84A2 /* Aliens.swift */; };
		373DD6A52028198A001C84A2 /* ActionCard.swift in Sources */ = {isa = PBXBuildFile; fileRef = 373DD6A42028198A001C84A2 /* ActionCard.swift */; };
		373DD6A720281999001C84A2 /* MinionCard.swift in Sources */ = {isa = PBXBuildFile; fileRef = 373DD6A620281999001C84A2 /* MinionCard.swift */; };
		379A5B7A1F137049005BDBBF /* TopCollectionViewController.swift in Sources */ = {isa = PBXBuildFile; fileRef = 379A5B791F137049005BDBBF /* TopCollectionViewController.swift */; };
		379A5B7C1F137073005BDBBF /* KillCollectionViewController.swift in Sources */ = {isa = PBXBuildFile; fileRef = 379A5B7B1F137073005BDBBF /* KillCollectionViewController.swift */; };
		379A5B7E1F137117005BDBBF /* TopCollectionViewCell.swift in Sources */ = {isa = PBXBuildFile; fileRef = 379A5B7D1F137117005BDBBF /* TopCollectionViewCell.swift */; };
		379A5B801F13712F005BDBBF /* KillCollectionViewCell.swift in Sources */ = {isa = PBXBuildFile; fileRef = 379A5B7F1F13712F005BDBBF /* KillCollectionViewCell.swift */; };
		379A5B821F13745B005BDBBF /* CardTypeMAandTopViewController.swift in Sources */ = {isa = PBXBuildFile; fileRef = 379A5B811F13745B005BDBBF /* CardTypeMAandTopViewController.swift */; };
		379A5B841F137486005BDBBF /* CardTypeKillMoveExtraEtcViewController.swift in Sources */ = {isa = PBXBuildFile; fileRef = 379A5B831F137486005BDBBF /* CardTypeKillMoveExtraEtcViewController.swift */; };
		379A5B861F138364005BDBBF /* Factions.swift in Sources */ = {isa = PBXBuildFile; fileRef = 379A5B851F138364005BDBBF /* Factions.swift */; };
		379A5B8A1F15F44E005BDBBF /* SearchOptions.swift in Sources */ = {isa = PBXBuildFile; fileRef = 379A5B891F15F44E005BDBBF /* SearchOptions.swift */; };
		379A5B8E1F15F9F4005BDBBF /* SearchAllCollectionViewCell.swift in Sources */ = {isa = PBXBuildFile; fileRef = 379A5B8D1F15F9F4005BDBBF /* SearchAllCollectionViewCell.swift */; };
		379A5B921F16181B005BDBBF /* Card.swift in Sources */ = {isa = PBXBuildFile; fileRef = 379A5B911F16181B005BDBBF /* Card.swift */; };
		37F1EDA51F05E5090049AB8E /* AppDelegate.swift in Sources */ = {isa = PBXBuildFile; fileRef = 37F1EDA41F05E5090049AB8E /* AppDelegate.swift */; };
		37F1EDA71F05E5090049AB8E /* ViewController.swift in Sources */ = {isa = PBXBuildFile; fileRef = 37F1EDA61F05E5090049AB8E /* ViewController.swift */; };
		37F1EDAA1F05E5090049AB8E /* Main.storyboard in Resources */ = {isa = PBXBuildFile; fileRef = 37F1EDA81F05E5090049AB8E /* Main.storyboard */; };
		37F1EDAD1F05E5090049AB8E /* SmashUpCardAnalyzer.xcdatamodeld in Sources */ = {isa = PBXBuildFile; fileRef = 37F1EDAB1F05E5090049AB8E /* SmashUpCardAnalyzer.xcdatamodeld */; };
		37F1EDAF1F05E5090049AB8E /* Assets.xcassets in Resources */ = {isa = PBXBuildFile; fileRef = 37F1EDAE1F05E5090049AB8E /* Assets.xcassets */; };
		37F1EDB21F05E5090049AB8E /* LaunchScreen.storyboard in Resources */ = {isa = PBXBuildFile; fileRef = 37F1EDB01F05E5090049AB8E /* LaunchScreen.storyboard */; };
		37F1EDBD1F05E5090049AB8E /* SmashUpCardAnalyzerTests.swift in Sources */ = {isa = PBXBuildFile; fileRef = 37F1EDBC1F05E5090049AB8E /* SmashUpCardAnalyzerTests.swift */; };
		37F1EDC81F05E50A0049AB8E /* SmashUpCardAnalyzerUITests.swift in Sources */ = {isa = PBXBuildFile; fileRef = 37F1EDC71F05E50A0049AB8E /* SmashUpCardAnalyzerUITests.swift */; };
/* End PBXBuildFile section */

/* Begin PBXContainerItemProxy section */
		37F1EDB91F05E5090049AB8E /* PBXContainerItemProxy */ = {
			isa = PBXContainerItemProxy;
			containerPortal = 37F1ED991F05E5090049AB8E /* Project object */;
			proxyType = 1;
			remoteGlobalIDString = 37F1EDA01F05E5090049AB8E;
			remoteInfo = SmashUpCardAnalyzer;
		};
		37F1EDC41F05E5090049AB8E /* PBXContainerItemProxy */ = {
			isa = PBXContainerItemProxy;
			containerPortal = 37F1ED991F05E5090049AB8E /* Project object */;
			proxyType = 1;
			remoteGlobalIDString = 37F1EDA01F05E5090049AB8E;
			remoteInfo = SmashUpCardAnalyzer;
		};
/* End PBXContainerItemProxy section */

/* Begin PBXFileReference section */
		373DD68220280F7A001C84A2 /* orbitron-bold.otf */ = {isa = PBXFileReference; lastKnownFileType = file; name = "orbitron-bold.otf"; path = "../../../BAKUPS/SmashUpCardAnalyzer/SmashUpCardAnalyzer/Resources/Fonts/orbitron-bold.otf"; sourceTree = "<group>"; };
		373DD68320280F7A001C84A2 /* orbitron-medium.otf */ = {isa = PBXFileReference; lastKnownFileType = file; name = "orbitron-medium.otf"; path = "../../FuturePicksGithub/FuturePicks/Resources/Fonts/orbitron-medium.otf"; sourceTree = "<group>"; };
		373DD68420280F7A001C84A2 /* orbitron-light.otf */ = {isa = PBXFileReference; lastKnownFileType = file; name = "orbitron-light.otf"; path = "../../FuturePicksGithub/FuturePicks/Resources/Fonts/orbitron-light.otf"; sourceTree = "<group>"; };
		373DD68520280F7B001C84A2 /* orbitron-black.otf */ = {isa = PBXFileReference; lastKnownFileType = file; name = "orbitron-black.otf"; path = "../../FuturePicksGithub/FuturePicks/Resources/Fonts/orbitron-black.otf"; sourceTree = "<group>"; };
		373DD68B20280F83001C84A2 /* orbitron-black.otf */ = {isa = PBXFileReference; lastKnownFileType = file; path = "orbitron-black.otf"; sourceTree = "<group>"; };
		373DD68C20280F84001C84A2 /* orbitron-bold.otf */ = {isa = PBXFileReference; lastKnownFileType = file; path = "orbitron-bold.otf"; sourceTree = "<group>"; };
		373DD68D20280F84001C84A2 /* orbitron-light.otf */ = {isa = PBXFileReference; lastKnownFileType = file; path = "orbitron-light.otf"; sourceTree = "<group>"; };
		373DD68E20280F84001C84A2 /* orbitron-medium.otf */ = {isa = PBXFileReference; lastKnownFileType = file; path = "orbitron-medium.otf"; sourceTree = "<group>"; };
		373DD68F20280FA5001C84A2 /* Heroic.ttf */ = {isa = PBXFileReference; lastKnownFileType = file; name = Heroic.ttf; path = ../../../BAKUPS/SmashUpCardAnalyzer/SmashUpCardAnalyzer/Resources/Fonts/Heroic.ttf; sourceTree = "<group>"; };
		373DD69120280FC5001C84A2 /* DiplomataSC-Regular.ttf */ = {isa = PBXFileReference; lastKnownFileType = file; name = "DiplomataSC-Regular.ttf"; path = "../../../BAKUPS/SmashUpCardAnalyzer/SmashUpCardAnalyzer/Resources/Fonts/DiplomataSC-Regular.ttf"; sourceTree = "<group>"; };
		373DD69220280FC5001C84A2 /* Diplomata-Regular.ttf */ = {isa = PBXFileReference; lastKnownFileType = file; name = "Diplomata-Regular.ttf"; path = "../../../BAKUPS/SmashUpCardAnalyzer/SmashUpCardAnalyzer/Resources/Fonts/Diplomata-Regular.ttf"; sourceTree = "<group>"; };
		373DD69F20281230001C84A2 /* TODO List.swift */ = {isa = PBXFileReference; lastKnownFileType = sourcecode.swift; path = "TODO List.swift"; sourceTree = "<group>"; };
		373DD6A2202812C8001C84A2 /* Aliens.swift */ = {isa = PBXFileReference; lastKnownFileType = sourcecode.swift; path = Aliens.swift; sourceTree = "<group>"; };
		373DD6A42028198A001C84A2 /* ActionCard.swift */ = {isa = PBXFileReference; lastKnownFileType = sourcecode.swift; path = ActionCard.swift; sourceTree = "<group>"; };
		373DD6A620281999001C84A2 /* MinionCard.swift */ = {isa = PBXFileReference; lastKnownFileType = sourcecode.swift; path = MinionCard.swift; sourceTree = "<group>"; };
		379A5B791F137049005BDBBF /* TopCollectionViewController.swift */ = {isa = PBXFileReference; fileEncoding = 4; lastKnownFileType = sourcecode.swift; path = TopCollectionViewController.swift; sourceTree = "<group>"; };
		379A5B7B1F137073005BDBBF /* KillCollectionViewController.swift */ = {isa = PBXFileReference; fileEncoding = 4; lastKnownFileType = sourcecode.swift; path = KillCollectionViewController.swift; sourceTree = "<group>"; };
		379A5B7D1F137117005BDBBF /* TopCollectionViewCell.swift */ = {isa = PBXFileReference; fileEncoding = 4; lastKnownFileType = sourcecode.swift; path = TopCollectionViewCell.swift; sourceTree = "<group>"; };
		379A5B7F1F13712F005BDBBF /* KillCollectionViewCell.swift */ = {isa = PBXFileReference; fileEncoding = 4; lastKnownFileType = sourcecode.swift; path = KillCollectionViewCell.swift; sourceTree = "<group>"; };
		379A5B811F13745B005BDBBF /* CardTypeMAandTopViewController.swift */ = {isa = PBXFileReference; fileEncoding = 4; lastKnownFileType = sourcecode.swift; path = CardTypeMAandTopViewController.swift; sourceTree = "<group>"; };
		379A5B831F137486005BDBBF /* CardTypeKillMoveExtraEtcViewController.swift */ = {isa = PBXFileReference; fileEncoding = 4; lastKnownFileType = sourcecode.swift; path = CardTypeKillMoveExtraEtcViewController.swift; sourceTree = "<group>"; };
		379A5B851F138364005BDBBF /* Factions.swift */ = {isa = PBXFileReference; fileEncoding = 4; lastKnownFileType = sourcecode.swift; path = Factions.swift; sourceTree = "<group>"; };
		379A5B891F15F44E005BDBBF /* SearchOptions.swift */ = {isa = PBXFileReference; fileEncoding = 4; lastKnownFileType = sourcecode.swift; path = SearchOptions.swift; sourceTree = "<group>"; };
		379A5B8D1F15F9F4005BDBBF /* SearchAllCollectionViewCell.swift */ = {isa = PBXFileReference; fileEncoding = 4; lastKnownFileType = sourcecode.swift; path = SearchAllCollectionViewCell.swift; sourceTree = "<group>"; };
		379A5B911F16181B005BDBBF /* Card.swift */ = {isa = PBXFileReference; fileEncoding = 4; lastKnownFileType = sourcecode.swift; path = Card.swift; sourceTree = "<group>"; };
		37F1EDA11F05E5090049AB8E /* SmashUpCardAnalyzer.app */ = {isa = PBXFileReference; explicitFileType = wrapper.application; includeInIndex = 0; path = SmashUpCardAnalyzer.app; sourceTree = BUILT_PRODUCTS_DIR; };
		37F1EDA41F05E5090049AB8E /* AppDelegate.swift */ = {isa = PBXFileReference; lastKnownFileType = sourcecode.swift; path = AppDelegate.swift; sourceTree = "<group>"; };
		37F1EDA61F05E5090049AB8E /* ViewController.swift */ = {isa = PBXFileReference; lastKnownFileType = sourcecode.swift; path = ViewController.swift; sourceTree = "<group>"; };
		37F1EDA91F05E5090049AB8E /* Base */ = {isa = PBXFileReference; lastKnownFileType = file.storyboard; name = Base; path = Base.lproj/Main.storyboard; sourceTree = "<group>"; };
		37F1EDAC1F05E5090049AB8E /* SmashUpCardAnalyzer.xcdatamodel */ = {isa = PBXFileReference; lastKnownFileType = wrapper.xcdatamodel; path = SmashUpCardAnalyzer.xcdatamodel; sourceTree = "<group>"; };
		37F1EDAE1F05E5090049AB8E /* Assets.xcassets */ = {isa = PBXFileReference; lastKnownFileType = folder.assetcatalog; path = Assets.xcassets; sourceTree = "<group>"; };
		37F1EDB11F05E5090049AB8E /* Base */ = {isa = PBXFileReference; lastKnownFileType = file.storyboard; name = Base; path = Base.lproj/LaunchScreen.storyboard; sourceTree = "<group>"; };
		37F1EDB31F05E5090049AB8E /* Info.plist */ = {isa = PBXFileReference; lastKnownFileType = text.plist.xml; path = Info.plist; sourceTree = "<group>"; };
		37F1EDB81F05E5090049AB8E /* SmashUpCardAnalyzerTests.xctest */ = {isa = PBXFileReference; explicitFileType = wrapper.cfbundle; includeInIndex = 0; path = SmashUpCardAnalyzerTests.xctest; sourceTree = BUILT_PRODUCTS_DIR; };
		37F1EDBC1F05E5090049AB8E /* SmashUpCardAnalyzerTests.swift */ = {isa = PBXFileReference; lastKnownFileType = sourcecode.swift; path = SmashUpCardAnalyzerTests.swift; sourceTree = "<group>"; };
		37F1EDBE1F05E5090049AB8E /* Info.plist */ = {isa = PBXFileReference; lastKnownFileType = text.plist.xml; path = Info.plist; sourceTree = "<group>"; };
		37F1EDC31F05E5090049AB8E /* SmashUpCardAnalyzerUITests.xctest */ = {isa = PBXFileReference; explicitFileType = wrapper.cfbundle; includeInIndex = 0; path = SmashUpCardAnalyzerUITests.xctest; sourceTree = BUILT_PRODUCTS_DIR; };
		37F1EDC71F05E50A0049AB8E /* SmashUpCardAnalyzerUITests.swift */ = {isa = PBXFileReference; lastKnownFileType = sourcecode.swift; path = SmashUpCardAnalyzerUITests.swift; sourceTree = "<group>"; };
		37F1EDC91F05E50A0049AB8E /* Info.plist */ = {isa = PBXFileReference; lastKnownFileType = text.plist.xml; path = Info.plist; sourceTree = "<group>"; };
/* End PBXFileReference section */

/* Begin PBXFrameworksBuildPhase section */
		37F1ED9E1F05E5090049AB8E /* Frameworks */ = {
			isa = PBXFrameworksBuildPhase;
			buildActionMask = 2147483647;
			files = (
			);
			runOnlyForDeploymentPostprocessing = 0;
		};
		37F1EDB51F05E5090049AB8E /* Frameworks */ = {
			isa = PBXFrameworksBuildPhase;
			buildActionMask = 2147483647;
			files = (
			);
			runOnlyForDeploymentPostprocessing = 0;
		};
		37F1EDC01F05E5090049AB8E /* Frameworks */ = {
			isa = PBXFrameworksBuildPhase;
			buildActionMask = 2147483647;
			files = (
			);
			runOnlyForDeploymentPostprocessing = 0;
		};
/* End PBXFrameworksBuildPhase section */

/* Begin PBXGroup section */
		373DD68120280F1D001C84A2 /* Resources */ = {
			isa = PBXGroup;
			children = (
				37F1EDA41F05E5090049AB8E /* AppDelegate.swift */,
				373DD68A20280F83001C84A2 /* Fonts */,
				373DD68520280F7B001C84A2 /* orbitron-black.otf */,
				373DD68220280F7A001C84A2 /* orbitron-bold.otf */,
				373DD68420280F7A001C84A2 /* orbitron-light.otf */,
				373DD68320280F7A001C84A2 /* orbitron-medium.otf */,
				373DD6A12028124F001C84A2 /* Factions */,
				379A5B891F15F44E005BDBBF /* SearchOptions.swift */,
				37F1EDAE1F05E5090049AB8E /* Assets.xcassets */,
				373DD69F20281230001C84A2 /* TODO List.swift */,
			);
			name = Resources;
			sourceTree = "<group>";
		};
		373DD68A20280F83001C84A2 /* Fonts */ = {
			isa = PBXGroup;
			children = (
				373DD69220280FC5001C84A2 /* Diplomata-Regular.ttf */,
				373DD69120280FC5001C84A2 /* DiplomataSC-Regular.ttf */,
				373DD68F20280FA5001C84A2 /* Heroic.ttf */,
				373DD68B20280F83001C84A2 /* orbitron-black.otf */,
				373DD68C20280F84001C84A2 /* orbitron-bold.otf */,
				373DD68D20280F84001C84A2 /* orbitron-light.otf */,
				373DD68E20280F84001C84A2 /* orbitron-medium.otf */,
			);
			name = Fonts;
			sourceTree = "<group>";
		};
		373DD69520280FE7001C84A2 /* UI */ = {
			isa = PBXGroup;
			children = (
				373DD69C20281064001C84A2 /* Generic UI */,
				373DD69D2028106D001C84A2 /* Views */,
				373DD69E20281074001C84A2 /* ViewControllers */,
			);
			name = UI;
			sourceTree = "<group>";
		};
		373DD69620280FED001C84A2 /* ModelComponents */ = {
			isa = PBXGroup;
			children = (
				373DD69B2028104B001C84A2 /* Models */,
				373DD69A20281043001C84A2 /* Parser */,
				373DD69920281016001C84A2 /* Error */,
				373DD6982028100D001C84A2 /* Network */,
			);
			name = ModelComponents;
			sourceTree = "<group>";
		};
		373DD69720280FF9001C84A2 /* Controllers */ = {
			isa = PBXGroup;
			children = (
			);
			name = Controllers;
			sourceTree = "<group>";
		};
		373DD6982028100D001C84A2 /* Network */ = {
			isa = PBXGroup;
			children = (
			);
			name = Network;
			sourceTree = "<group>";
		};
		373DD69920281016001C84A2 /* Error */ = {
			isa = PBXGroup;
			children = (
			);
			name = Error;
			sourceTree = "<group>";
		};
		373DD69A20281043001C84A2 /* Parser */ = {
			isa = PBXGroup;
			children = (
			);
			name = Parser;
			sourceTree = "<group>";
		};
		373DD69B2028104B001C84A2 /* Models */ = {
			isa = PBXGroup;
			children = (
				379A5B911F16181B005BDBBF /* Card.swift */,
				373DD6A42028198A001C84A2 /* ActionCard.swift */,
				373DD6A620281999001C84A2 /* MinionCard.swift */,
			);
			name = Models;
			sourceTree = "<group>";
		};
		373DD69C20281064001C84A2 /* Generic UI */ = {
			isa = PBXGroup;
			children = (
			);
			name = "Generic UI";
			sourceTree = "<group>";
		};
		373DD69D2028106D001C84A2 /* Views */ = {
			isa = PBXGroup;
			children = (
				379A5B7D1F137117005BDBBF /* TopCollectionViewCell.swift */,
				379A5B7F1F13712F005BDBBF /* KillCollectionViewCell.swift */,
				379A5B8D1F15F9F4005BDBBF /* SearchAllCollectionViewCell.swift */,
			);
			name = Views;
			sourceTree = "<group>";
		};
		373DD69E20281074001C84A2 /* ViewControllers */ = {
			isa = PBXGroup;
			children = (
				37F1EDA61F05E5090049AB8E /* ViewController.swift */,
				379A5B791F137049005BDBBF /* TopCollectionViewController.swift */,
				379A5B7B1F137073005BDBBF /* KillCollectionViewController.swift */,
				379A5B811F13745B005BDBBF /* CardTypeMAandTopViewController.swift */,
				379A5B831F137486005BDBBF /* CardTypeKillMoveExtraEtcViewController.swift */,
			);
			name = ViewControllers;
			sourceTree = "<group>";
		};
		373DD6A12028124F001C84A2 /* Factions */ = {
			isa = PBXGroup;
			children = (
				379A5B851F138364005BDBBF /* Factions.swift */,
				373DD6A2202812C8001C84A2 /* Aliens.swift */,
			);
			name = Factions;
			sourceTree = "<group>";
		};
		37F1ED981F05E5090049AB8E = {
			isa = PBXGroup;
			children = (
				37F1EDA31F05E5090049AB8E /* SmashUpCardAnalyzer */,
				37F1EDBB1F05E5090049AB8E /* SmashUpCardAnalyzerTests */,
				37F1EDC61F05E5090049AB8E /* SmashUpCardAnalyzerUITests */,
				37F1EDA21F05E5090049AB8E /* Products */,
			);
			sourceTree = "<group>";
		};
		37F1EDA21F05E5090049AB8E /* Products */ = {
			isa = PBXGroup;
			children = (
				37F1EDA11F05E5090049AB8E /* SmashUpCardAnalyzer.app */,
				37F1EDB81F05E5090049AB8E /* SmashUpCardAnalyzerTests.xctest */,
				37F1EDC31F05E5090049AB8E /* SmashUpCardAnalyzerUITests.xctest */,
			);
			name = Products;
			sourceTree = "<group>";
		};
		37F1EDA31F05E5090049AB8E /* SmashUpCardAnalyzer */ = {
			isa = PBXGroup;
			children = (
				373DD69520280FE7001C84A2 /* UI */,
				373DD69720280FF9001C84A2 /* Controllers */,
				373DD69620280FED001C84A2 /* ModelComponents */,
				37F1EDA81F05E5090049AB8E /* Main.storyboard */,
				37F1EDB01F05E5090049AB8E /* LaunchScreen.storyboard */,
				373DD68120280F1D001C84A2 /* Resources */,
				37F1EDB31F05E5090049AB8E /* Info.plist */,
				37F1EDAB1F05E5090049AB8E /* SmashUpCardAnalyzer.xcdatamodeld */,
			);
			path = SmashUpCardAnalyzer;
			sourceTree = "<group>";
		};
		37F1EDBB1F05E5090049AB8E /* SmashUpCardAnalyzerTests */ = {
			isa = PBXGroup;
			children = (
				37F1EDBC1F05E5090049AB8E /* SmashUpCardAnalyzerTests.swift */,
				37F1EDBE1F05E5090049AB8E /* Info.plist */,
			);
			path = SmashUpCardAnalyzerTests;
			sourceTree = "<group>";
		};
		37F1EDC61F05E5090049AB8E /* SmashUpCardAnalyzerUITests */ = {
			isa = PBXGroup;
			children = (
				37F1EDC71F05E50A0049AB8E /* SmashUpCardAnalyzerUITests.swift */,
				37F1EDC91F05E50A0049AB8E /* Info.plist */,
			);
			path = SmashUpCardAnalyzerUITests;
			sourceTree = "<group>";
		};
/* End PBXGroup section */

/* Begin PBXNativeTarget section */
		37F1EDA01F05E5090049AB8E /* SmashUpCardAnalyzer */ = {
			isa = PBXNativeTarget;
			buildConfigurationList = 37F1EDCC1F05E50A0049AB8E /* Build configuration list for PBXNativeTarget "SmashUpCardAnalyzer" */;
			buildPhases = (
				37F1ED9D1F05E5090049AB8E /* Sources */,
				37F1ED9E1F05E5090049AB8E /* Frameworks */,
				37F1ED9F1F05E5090049AB8E /* Resources */,
			);
			buildRules = (
			);
			dependencies = (
			);
			name = SmashUpCardAnalyzer;
			productName = SmashUpCardAnalyzer;
			productReference = 37F1EDA11F05E5090049AB8E /* SmashUpCardAnalyzer.app */;
			productType = "com.apple.product-type.application";
		};
		37F1EDB71F05E5090049AB8E /* SmashUpCardAnalyzerTests */ = {
			isa = PBXNativeTarget;
			buildConfigurationList = 37F1EDCF1F05E50A0049AB8E /* Build configuration list for PBXNativeTarget "SmashUpCardAnalyzerTests" */;
			buildPhases = (
				37F1EDB41F05E5090049AB8E /* Sources */,
				37F1EDB51F05E5090049AB8E /* Frameworks */,
				37F1EDB61F05E5090049AB8E /* Resources */,
			);
			buildRules = (
			);
			dependencies = (
				37F1EDBA1F05E5090049AB8E /* PBXTargetDependency */,
			);
			name = SmashUpCardAnalyzerTests;
			productName = SmashUpCardAnalyzerTests;
			productReference = 37F1EDB81F05E5090049AB8E /* SmashUpCardAnalyzerTests.xctest */;
			productType = "com.apple.product-type.bundle.unit-test";
		};
		37F1EDC21F05E5090049AB8E /* SmashUpCardAnalyzerUITests */ = {
			isa = PBXNativeTarget;
			buildConfigurationList = 37F1EDD21F05E50A0049AB8E /* Build configuration list for PBXNativeTarget "SmashUpCardAnalyzerUITests" */;
			buildPhases = (
				37F1EDBF1F05E5090049AB8E /* Sources */,
				37F1EDC01F05E5090049AB8E /* Frameworks */,
				37F1EDC11F05E5090049AB8E /* Resources */,
			);
			buildRules = (
			);
			dependencies = (
				37F1EDC51F05E5090049AB8E /* PBXTargetDependency */,
			);
			name = SmashUpCardAnalyzerUITests;
			productName = SmashUpCardAnalyzerUITests;
			productReference = 37F1EDC31F05E5090049AB8E /* SmashUpCardAnalyzerUITests.xctest */;
			productType = "com.apple.product-type.bundle.ui-testing";
		};
/* End PBXNativeTarget section */

/* Begin PBXProject section */
		37F1ED991F05E5090049AB8E /* Project object */ = {
			isa = PBXProject;
			attributes = {
				LastSwiftUpdateCheck = 0830;
				LastUpgradeCheck = 0830;
				ORGANIZATIONNAME = "Robert Martin";
				TargetAttributes = {
					37F1EDA01F05E5090049AB8E = {
						CreatedOnToolsVersion = 8.3.3;
						DevelopmentTeam = T3K5P842PL;
						ProvisioningStyle = Automatic;
					};
					37F1EDB71F05E5090049AB8E = {
						CreatedOnToolsVersion = 8.3.3;
						DevelopmentTeam = T3K5P842PL;
						ProvisioningStyle = Automatic;
						TestTargetID = 37F1EDA01F05E5090049AB8E;
					};
					37F1EDC21F05E5090049AB8E = {
						CreatedOnToolsVersion = 8.3.3;
						DevelopmentTeam = T3K5P842PL;
						ProvisioningStyle = Automatic;
						TestTargetID = 37F1EDA01F05E5090049AB8E;
					};
				};
			};
			buildConfigurationList = 37F1ED9C1F05E5090049AB8E /* Build configuration list for PBXProject "SmashUpCardAnalyzer" */;
			compatibilityVersion = "Xcode 3.2";
			developmentRegion = English;
			hasScannedForEncodings = 0;
			knownRegions = (
				en,
				Base,
			);
			mainGroup = 37F1ED981F05E5090049AB8E;
			productRefGroup = 37F1EDA21F05E5090049AB8E /* Products */;
			projectDirPath = "";
			projectRoot = "";
			targets = (
				37F1EDA01F05E5090049AB8E /* SmashUpCardAnalyzer */,
				37F1EDB71F05E5090049AB8E /* SmashUpCardAnalyzerTests */,
				37F1EDC21F05E5090049AB8E /* SmashUpCardAnalyzerUITests */,
			);
		};
/* End PBXProject section */

/* Begin PBXResourcesBuildPhase section */
		37F1ED9F1F05E5090049AB8E /* Resources */ = {
			isa = PBXResourcesBuildPhase;
			buildActionMask = 2147483647;
			files = (
				373DD68820280F7B001C84A2 /* orbitron-light.otf in Resources */,
				373DD69320280FC5001C84A2 /* DiplomataSC-Regular.ttf in Resources */,
				373DD69020280FA5001C84A2 /* Heroic.ttf in Resources */,
				373DD68620280F7B001C84A2 /* orbitron-bold.otf in Resources */,
				373DD68920280F7B001C84A2 /* orbitron-black.otf in Resources */,
				37F1EDB21F05E5090049AB8E /* LaunchScreen.storyboard in Resources */,
				37F1EDAF1F05E5090049AB8E /* Assets.xcassets in Resources */,
				373DD68720280F7B001C84A2 /* orbitron-medium.otf in Resources */,
				373DD69420280FC5001C84A2 /* Diplomata-Regular.ttf in Resources */,
				37F1EDAA1F05E5090049AB8E /* Main.storyboard in Resources */,
			);
			runOnlyForDeploymentPostprocessing = 0;
		};
		37F1EDB61F05E5090049AB8E /* Resources */ = {
			isa = PBXResourcesBuildPhase;
			buildActionMask = 2147483647;
			files = (
			);
			runOnlyForDeploymentPostprocessing = 0;
		};
		37F1EDC11F05E5090049AB8E /* Resources */ = {
			isa = PBXResourcesBuildPhase;
			buildActionMask = 2147483647;
			files = (
			);
			runOnlyForDeploymentPostprocessing = 0;
		};
/* End PBXResourcesBuildPhase section */

/* Begin PBXSourcesBuildPhase section */
		37F1ED9D1F05E5090049AB8E /* Sources */ = {
			isa = PBXSourcesBuildPhase;
			buildActionMask = 2147483647;
			files = (
				379A5B8A1F15F44E005BDBBF /* SearchOptions.swift in Sources */,
				379A5B8E1F15F9F4005BDBBF /* SearchAllCollectionViewCell.swift in Sources */,
				379A5B801F13712F005BDBBF /* KillCollectionViewCell.swift in Sources */,
				373DD6A52028198A001C84A2 /* ActionCard.swift in Sources */,
				379A5B7E1F137117005BDBBF /* TopCollectionViewCell.swift in Sources */,
				37F1EDA71F05E5090049AB8E /* ViewController.swift in Sources */,
				37F1EDA51F05E5090049AB8E /* AppDelegate.swift in Sources */,
				379A5B921F16181B005BDBBF /* Card.swift in Sources */,
				379A5B7C1F137073005BDBBF /* KillCollectionViewController.swift in Sources */,
				373DD6A020281230001C84A2 /* TODO List.swift in Sources */,
				379A5B7A1F137049005BDBBF /* TopCollectionViewController.swift in Sources */,
				379A5B861F138364005BDBBF /* Factions.swift in Sources */,
				373DD6A720281999001C84A2 /* MinionCard.swift in Sources */,
				373DD6A3202812C8001C84A2 /* Aliens.swift in Sources */,
				379A5B841F137486005BDBBF /* CardTypeKillMoveExtraEtcViewController.swift in Sources */,
				379A5B821F13745B005BDBBF /* CardTypeMAandTopViewController.swift in Sources */,
				37F1EDAD1F05E5090049AB8E /* SmashUpCardAnalyzer.xcdatamodeld in Sources */,
			);
			runOnlyForDeploymentPostprocessing = 0;
		};
		37F1EDB41F05E5090049AB8E /* Sources */ = {
			isa = PBXSourcesBuildPhase;
			buildActionMask = 2147483647;
			files = (
				37F1EDBD1F05E5090049AB8E /* SmashUpCardAnalyzerTests.swift in Sources */,
			);
			runOnlyForDeploymentPostprocessing = 0;
		};
		37F1EDBF1F05E5090049AB8E /* Sources */ = {
			isa = PBXSourcesBuildPhase;
			buildActionMask = 2147483647;
			files = (
				37F1EDC81F05E50A0049AB8E /* SmashUpCardAnalyzerUITests.swift in Sources */,
			);
			runOnlyForDeploymentPostprocessing = 0;
		};
/* End PBXSourcesBuildPhase section */

/* Begin PBXTargetDependency section */
		37F1EDBA1F05E5090049AB8E /* PBXTargetDependency */ = {
			isa = PBXTargetDependency;
			target = 37F1EDA01F05E5090049AB8E /* SmashUpCardAnalyzer */;
			targetProxy = 37F1EDB91F05E5090049AB8E /* PBXContainerItemProxy */;
		};
		37F1EDC51F05E5090049AB8E /* PBXTargetDependency */ = {
			isa = PBXTargetDependency;
			target = 37F1EDA01F05E5090049AB8E /* SmashUpCardAnalyzer */;
			targetProxy = 37F1EDC41F05E5090049AB8E /* PBXContainerItemProxy */;
		};
/* End PBXTargetDependency section */

/* Begin PBXVariantGroup section */
		37F1EDA81F05E5090049AB8E /* Main.storyboard */ = {
			isa = PBXVariantGroup;
			children = (
				37F1EDA91F05E5090049AB8E /* Base */,
			);
			name = Main.storyboard;
			sourceTree = "<group>";
		};
		37F1EDB01F05E5090049AB8E /* LaunchScreen.storyboard */ = {
			isa = PBXVariantGroup;
			children = (
				37F1EDB11F05E5090049AB8E /* Base */,
			);
			name = LaunchScreen.storyboard;
			sourceTree = "<group>";
		};
/* End PBXVariantGroup section */

/* Begin XCBuildConfiguration section */
		37F1EDCA1F05E50A0049AB8E /* Debug */ = {
			isa = XCBuildConfiguration;
			buildSettings = {
				ALWAYS_SEARCH_USER_PATHS = NO;
				CLANG_ANALYZER_NONNULL = YES;
				CLANG_ANALYZER_NUMBER_OBJECT_CONVERSION = YES_AGGRESSIVE;
				CLANG_CXX_LANGUAGE_STANDARD = "gnu++0x";
				CLANG_CXX_LIBRARY = "libc++";
				CLANG_ENABLE_MODULES = YES;
				CLANG_ENABLE_OBJC_ARC = YES;
				CLANG_WARN_BOOL_CONVERSION = YES;
				CLANG_WARN_CONSTANT_CONVERSION = YES;
				CLANG_WARN_DIRECT_OBJC_ISA_USAGE = YES_ERROR;
				CLANG_WARN_DOCUMENTATION_COMMENTS = YES;
				CLANG_WARN_EMPTY_BODY = YES;
				CLANG_WARN_ENUM_CONVERSION = YES;
				CLANG_WARN_INFINITE_RECURSION = YES;
				CLANG_WARN_INT_CONVERSION = YES;
				CLANG_WARN_OBJC_ROOT_CLASS = YES_ERROR;
				CLANG_WARN_SUSPICIOUS_MOVE = YES;
				CLANG_WARN_UNREACHABLE_CODE = YES;
				CLANG_WARN__DUPLICATE_METHOD_MATCH = YES;
				"CODE_SIGN_IDENTITY[sdk=iphoneos*]" = "iPhone Developer";
				COPY_PHASE_STRIP = NO;
				DEBUG_INFORMATION_FORMAT = dwarf;
				ENABLE_STRICT_OBJC_MSGSEND = YES;
				ENABLE_TESTABILITY = YES;
				GCC_C_LANGUAGE_STANDARD = gnu99;
				GCC_DYNAMIC_NO_PIC = NO;
				GCC_NO_COMMON_BLOCKS = YES;
				GCC_OPTIMIZATION_LEVEL = 0;
				GCC_PREPROCESSOR_DEFINITIONS = (
					"DEBUG=1",
					"$(inherited)",
				);
				GCC_WARN_64_TO_32_BIT_CONVERSION = YES;
				GCC_WARN_ABOUT_RETURN_TYPE = YES_ERROR;
				GCC_WARN_UNDECLARED_SELECTOR = YES;
				GCC_WARN_UNINITIALIZED_AUTOS = YES_AGGRESSIVE;
				GCC_WARN_UNUSED_FUNCTION = YES;
				GCC_WARN_UNUSED_VARIABLE = YES;
				IPHONEOS_DEPLOYMENT_TARGET = 10.3;
				MTL_ENABLE_DEBUG_INFO = YES;
				ONLY_ACTIVE_ARCH = YES;
				SDKROOT = iphoneos;
				SWIFT_ACTIVE_COMPILATION_CONDITIONS = DEBUG;
				SWIFT_OPTIMIZATION_LEVEL = "-Onone";
				TARGETED_DEVICE_FAMILY = "1,2";
			};
			name = Debug;
		};
		37F1EDCB1F05E50A0049AB8E /* Release */ = {
			isa = XCBuildConfiguration;
			buildSettings = {
				ALWAYS_SEARCH_USER_PATHS = NO;
				CLANG_ANALYZER_NONNULL = YES;
				CLANG_ANALYZER_NUMBER_OBJECT_CONVERSION = YES_AGGRESSIVE;
				CLANG_CXX_LANGUAGE_STANDARD = "gnu++0x";
				CLANG_CXX_LIBRARY = "libc++";
				CLANG_ENABLE_MODULES = YES;
				CLANG_ENABLE_OBJC_ARC = YES;
				CLANG_WARN_BOOL_CONVERSION = YES;
				CLANG_WARN_CONSTANT_CONVERSION = YES;
				CLANG_WARN_DIRECT_OBJC_ISA_USAGE = YES_ERROR;
				CLANG_WARN_DOCUMENTATION_COMMENTS = YES;
				CLANG_WARN_EMPTY_BODY = YES;
				CLANG_WARN_ENUM_CONVERSION = YES;
				CLANG_WARN_INFINITE_RECURSION = YES;
				CLANG_WARN_INT_CONVERSION = YES;
				CLANG_WARN_OBJC_ROOT_CLASS = YES_ERROR;
				CLANG_WARN_SUSPICIOUS_MOVE = YES;
				CLANG_WARN_UNREACHABLE_CODE = YES;
				CLANG_WARN__DUPLICATE_METHOD_MATCH = YES;
				"CODE_SIGN_IDENTITY[sdk=iphoneos*]" = "iPhone Developer";
				COPY_PHASE_STRIP = NO;
				DEBUG_INFORMATION_FORMAT = "dwarf-with-dsym";
				ENABLE_NS_ASSERTIONS = NO;
				ENABLE_STRICT_OBJC_MSGSEND = YES;
				GCC_C_LANGUAGE_STANDARD = gnu99;
				GCC_NO_COMMON_BLOCKS = YES;
				GCC_WARN_64_TO_32_BIT_CONVERSION = YES;
				GCC_WARN_ABOUT_RETURN_TYPE = YES_ERROR;
				GCC_WARN_UNDECLARED_SELECTOR = YES;
				GCC_WARN_UNINITIALIZED_AUTOS = YES_AGGRESSIVE;
				GCC_WARN_UNUSED_FUNCTION = YES;
				GCC_WARN_UNUSED_VARIABLE = YES;
				IPHONEOS_DEPLOYMENT_TARGET = 10.3;
				MTL_ENABLE_DEBUG_INFO = NO;
				SDKROOT = iphoneos;
				SWIFT_OPTIMIZATION_LEVEL = "-Owholemodule";
				TARGETED_DEVICE_FAMILY = "1,2";
				VALIDATE_PRODUCT = YES;
			};
			name = Release;
		};
		37F1EDCD1F05E50A0049AB8E /* Debug */ = {
			isa = XCBuildConfiguration;
			buildSettings = {
				ASSETCATALOG_COMPILER_APPICON_NAME = AppIcon;
				DEVELOPMENT_TEAM = T3K5P842PL;
				INFOPLIST_FILE = SmashUpCardAnalyzer/Info.plist;
				LD_RUNPATH_SEARCH_PATHS = "$(inherited) @executable_path/Frameworks";
				PRODUCT_BUNDLE_IDENTIFIER = org.quaereveritatem.SmashUpCardAnalyzer;
				PRODUCT_NAME = "$(TARGET_NAME)";
				SWIFT_VERSION = 3.0;
			};
			name = Debug;
		};
		37F1EDCE1F05E50A0049AB8E /* Release */ = {
			isa = XCBuildConfiguration;
			buildSettings = {
				ASSETCATALOG_COMPILER_APPICON_NAME = AppIcon;
				DEVELOPMENT_TEAM = T3K5P842PL;
				INFOPLIST_FILE = SmashUpCardAnalyzer/Info.plist;
				LD_RUNPATH_SEARCH_PATHS = "$(inherited) @executable_path/Frameworks";
				PRODUCT_BUNDLE_IDENTIFIER = org.quaereveritatem.SmashUpCardAnalyzer;
				PRODUCT_NAME = "$(TARGET_NAME)";
				SWIFT_VERSION = 3.0;
			};
			name = Release;
		};
		37F1EDD01F05E50A0049AB8E /* Debug */ = {
			isa = XCBuildConfiguration;
			buildSettings = {
				ALWAYS_EMBED_SWIFT_STANDARD_LIBRARIES = YES;
				BUNDLE_LOADER = "$(TEST_HOST)";
				DEVELOPMENT_TEAM = T3K5P842PL;
				INFOPLIST_FILE = SmashUpCardAnalyzerTests/Info.plist;
				LD_RUNPATH_SEARCH_PATHS = "$(inherited) @executable_path/Frameworks @loader_path/Frameworks";
				PRODUCT_BUNDLE_IDENTIFIER = org.quaereveritatem.SmashUpCardAnalyzerTests;
				PRODUCT_NAME = "$(TARGET_NAME)";
				SWIFT_VERSION = 3.0;
				TEST_HOST = "$(BUILT_PRODUCTS_DIR)/SmashUpCardAnalyzer.app/SmashUpCardAnalyzer";
			};
			name = Debug;
		};
		37F1EDD11F05E50A0049AB8E /* Release */ = {
			isa = XCBuildConfiguration;
			buildSettings = {
				ALWAYS_EMBED_SWIFT_STANDARD_LIBRARIES = YES;
				BUNDLE_LOADER = "$(TEST_HOST)";
				DEVELOPMENT_TEAM = T3K5P842PL;
				INFOPLIST_FILE = SmashUpCardAnalyzerTests/Info.plist;
				LD_RUNPATH_SEARCH_PATHS = "$(inherited) @executable_path/Frameworks @loader_path/Frameworks";
				PRODUCT_BUNDLE_IDENTIFIER = org.quaereveritatem.SmashUpCardAnalyzerTests;
				PRODUCT_NAME = "$(TARGET_NAME)";
				SWIFT_VERSION = 3.0;
				TEST_HOST = "$(BUILT_PRODUCTS_DIR)/SmashUpCardAnalyzer.app/SmashUpCardAnalyzer";
			};
			name = Release;
		};
		37F1EDD31F05E50A0049AB8E /* Debug */ = {
			isa = XCBuildConfiguration;
			buildSettings = {
				ALWAYS_EMBED_SWIFT_STANDARD_LIBRARIES = YES;
				DEVELOPMENT_TEAM = T3K5P842PL;
				INFOPLIST_FILE = SmashUpCardAnalyzerUITests/Info.plist;
				LD_RUNPATH_SEARCH_PATHS = "$(inherited) @executable_path/Frameworks @loader_path/Frameworks";
				PRODUCT_BUNDLE_IDENTIFIER = org.quaereveritatem.SmashUpCardAnalyzerUITests;
				PRODUCT_NAME = "$(TARGET_NAME)";
				SWIFT_VERSION = 3.0;
				TEST_TARGET_NAME = SmashUpCardAnalyzer;
			};
			name = Debug;
		};
		37F1EDD41F05E50A0049AB8E /* Release */ = {
			isa = XCBuildConfiguration;
			buildSettings = {
				ALWAYS_EMBED_SWIFT_STANDARD_LIBRARIES = YES;
				DEVELOPMENT_TEAM = T3K5P842PL;
				INFOPLIST_FILE = SmashUpCardAnalyzerUITests/Info.plist;
				LD_RUNPATH_SEARCH_PATHS = "$(inherited) @executable_path/Frameworks @loader_path/Frameworks";
				PRODUCT_BUNDLE_IDENTIFIER = org.quaereveritatem.SmashUpCardAnalyzerUITests;
				PRODUCT_NAME = "$(TARGET_NAME)";
				SWIFT_VERSION = 3.0;
				TEST_TARGET_NAME = SmashUpCardAnalyzer;
			};
			name = Release;
		};
/* End XCBuildConfiguration section */

/* Begin XCConfigurationList section */
		37F1ED9C1F05E5090049AB8E /* Build configuration list for PBXProject "SmashUpCardAnalyzer" */ = {
			isa = XCConfigurationList;
			buildConfigurations = (
				37F1EDCA1F05E50A0049AB8E /* Debug */,
				37F1EDCB1F05E50A0049AB8E /* Release */,
			);
			defaultConfigurationIsVisible = 0;
			defaultConfigurationName = Release;
		};
		37F1EDCC1F05E50A0049AB8E /* Build configuration list for PBXNativeTarget "SmashUpCardAnalyzer" */ = {
			isa = XCConfigurationList;
			buildConfigurations = (
				37F1EDCD1F05E50A0049AB8E /* Debug */,
				37F1EDCE1F05E50A0049AB8E /* Release */,
			);
			defaultConfigurationIsVisible = 0;
			defaultConfigurationName = Release;
		};
		37F1EDCF1F05E50A0049AB8E /* Build configuration list for PBXNativeTarget "SmashUpCardAnalyzerTests" */ = {
			isa = XCConfigurationList;
			buildConfigurations = (
				37F1EDD01F05E50A0049AB8E /* Debug */,
				37F1EDD11F05E50A0049AB8E /* Release */,
			);
			defaultConfigurationIsVisible = 0;
			defaultConfigurationName = Release;
		};
		37F1EDD21F05E50A0049AB8E /* Build configuration list for PBXNativeTarget "SmashUpCardAnalyzerUITests" */ = {
			isa = XCConfigurationList;
			buildConfigurations = (
				37F1EDD31F05E50A0049AB8E /* Debug */,
				37F1EDD41F05E50A0049AB8E /* Release */,
			);
			defaultConfigurationIsVisible = 0;
			defaultConfigurationName = Release;
		};
/* End XCConfigurationList section */

/* Begin XCVersionGroup section */
		37F1EDAB1F05E5090049AB8E /* SmashUpCardAnalyzer.xcdatamodeld */ = {
			isa = XCVersionGroup;
			children = (
				37F1EDAC1F05E5090049AB8E /* SmashUpCardAnalyzer.xcdatamodel */,
			);
			currentVersion = 37F1EDAC1F05E5090049AB8E /* SmashUpCardAnalyzer.xcdatamodel */;
			path = SmashUpCardAnalyzer.xcdatamodeld;
			sourceTree = "<group>";
			versionGroupType = wrapper.xcdatamodel;
		};
/* End XCVersionGroup section */
	};
	rootObject = 37F1ED991F05E5090049AB8E /* Project object */;
}
